
Microsoft Visual Studio Solution File, Format Version 12.00
# Visual Studio 15
VisualStudioVersion = 15.0.28010.2016
MinimumVisualStudioVersion = 10.0.40219.1
Project("{FAE04EC0-301F-11D3-BF4B-00C04F79EFBC}") = "U5kManServer", "U5kManServer\U5kManServer.csproj", "{ADE5CD26-8DE9-4014-9DF2-59585A19227D}"
	ProjectSection(ProjectDependencies) = postProject
		{974454BA-3953-4897-ADA2-8139EEEF5F87} = {974454BA-3953-4897-ADA2-8139EEEF5F87}
	EndProjectSection
EndProject
Project("{2150E333-8FDC-42A3-9474-1A3956D46DE8}") = "Solution Items", "Solution Items", "{CF6EDE56-83AC-49CC-89D2-CCDA44622303}"
	ProjectSection(SolutionItems) = preProject
		notas.txt = notas.txt
		pendientes.txt = pendientes.txt
		VersionInfo.cs = VersionInfo.cs
	EndProjectSection
EndProject
Project("{FAE04EC0-301F-11D3-BF4B-00C04F79EFBC}") = "U5kBaseDatos", "U5kBaseDatos\U5kBaseDatos.csproj", "{BF223179-F940-4433-BBD8-DA34D6115124}"
	ProjectSection(ProjectDependencies) = postProject
		{822F500D-ADB8-4BB1-8A1C-E9FEAFF369B0} = {822F500D-ADB8-4BB1-8A1C-E9FEAFF369B0}
		{974454BA-3953-4897-ADA2-8139EEEF5F87} = {974454BA-3953-4897-ADA2-8139EEEF5F87}
	EndProjectSection
EndProject
Project("{FAE04EC0-301F-11D3-BF4B-00C04F79EFBC}") = "SendTraps", "tools\SendTraps\SendTraps.csproj", "{8696C7D7-F4B3-4720-A921-BC9DB678AF22}"
EndProject
Project("{2150E333-8FDC-42A3-9474-1A3956D46DE8}") = "tools", "tools", "{22435E45-AD2F-4C2D-AFE5-A9827508A052}"
EndProject
Project("{FAE04EC0-301F-11D3-BF4B-00C04F79EFBC}") = "Utilities", "U5kUtilities\Utilities.csproj", "{822F500D-ADB8-4BB1-8A1C-E9FEAFF369B0}"
	ProjectSection(ProjectDependencies) = postProject
		{974454BA-3953-4897-ADA2-8139EEEF5F87} = {974454BA-3953-4897-ADA2-8139EEEF5F87}
	EndProjectSection
EndProject
Project("{2150E333-8FDC-42A3-9474-1A3956D46DE8}") = "Pruebas Unitarias", "Pruebas Unitarias", "{7F5D2DB8-BEB3-4024-A371-420FEE5FC107}"
EndProject
Project("{2150E333-8FDC-42A3-9474-1A3956D46DE8}") = "Setup", "Setup", "{A26B90D9-2B69-44F5-B641-25880E3D5DAD}"
EndProject
Project("{930C7802-8A8C-48F9-8165-68863BCCD9DD}") = "U5kManServerSetup", "Setup\U5kManServerSetup\U5kManServerSetup.wixproj", "{D565F872-EAB7-4DC2-9956-25B2AD77E2F7}"
	ProjectSection(ProjectDependencies) = postProject
		{ADE5CD26-8DE9-4014-9DF2-59585A19227D} = {ADE5CD26-8DE9-4014-9DF2-59585A19227D}
	EndProjectSection
EndProject
Project("{2150E333-8FDC-42A3-9474-1A3956D46DE8}") = "Antiguos", "Antiguos", "{A266B749-9B87-4D8B-98C1-A5146DF0F4EA}"
EndProject
Project("{FAE04EC0-301F-11D3-BF4B-00C04F79EFBC}") = "GeneradorIncidencias", "tools\GeneradorIncidencias\GeneradorIncidencias.csproj", "{5BD96E65-367F-4DAC-856D-822F8FBC928A}"
EndProject
Project("{FAE04EC0-301F-11D3-BF4B-00C04F79EFBC}") = "SendMcast", "tools\MCastGen\SendMcast.csproj", "{B8B06213-BF32-454A-A4AA-90AD4C75B07E}"
EndProject
Project("{FAE04EC0-301F-11D3-BF4B-00C04F79EFBC}") = "NICEventMonitor", "tools\NICList\NICEventMonitor.csproj", "{8908C598-8C74-48A5-8F4E-FDA24283A2B0}"
EndProject
Project("{FAE04EC0-301F-11D3-BF4B-00C04F79EFBC}") = "SnmpGearsSimulator", "tools\SnmpGearsSimulator\SnmpGearsSimulator.csproj", "{4939D976-3CB5-43EF-A398-B529C08D8C1F}"
EndProject
Project("{FAE04EC0-301F-11D3-BF4B-00C04F79EFBC}") = "SnmpTest", "tools\SnmpTest\SnmpTest.csproj", "{250F387B-81E2-4FD4-B2BE-27BDAA14B813}"
EndProject
Project("{FAE04EC0-301F-11D3-BF4B-00C04F79EFBC}") = "JoinU5kMcast", "tools\JoinU5kMcast\JoinU5kMcast.csproj", "{A2AD24C3-C5EF-44C8-803F-0B81A0F3B02F}"
EndProject
Project("{FAE04EC0-301F-11D3-BF4B-00C04F79EFBC}") = "SimulSACTA", "tools\SimulSacta\SimulSACTA.csproj", "{66E1165B-77A6-4A49-8270-EA43C816D1C9}"
EndProject
Project("{FAE04EC0-301F-11D3-BF4B-00C04F79EFBC}") = "SactaServiceTest", "tools\SactaServiceTest\SactaServiceTest.csproj", "{5DD94F13-ED2C-4A45-9C32-E0C2E32F54DE}"
EndProject
Project("{FAE04EC0-301F-11D3-BF4B-00C04F79EFBC}") = "Uv5kGwSim", "tools\Uv5kGwSim\Uv5kGwSim.csproj", "{F11C179E-74C5-47BD-8E04-D37A1966F5EF}"
EndProject
Project("{FAE04EC0-301F-11D3-BF4B-00C04F79EFBC}") = "Uv5kiNbxSim", "tools\Uv5kiNbxSim\Uv5kiNbxSim.csproj", "{90CDB8AE-5C18-4465-B227-129A2C4FE293}"
EndProject
Project("{FAE04EC0-301F-11D3-BF4B-00C04F79EFBC}") = "Uv5kTopSim", "tools\Uv5kTopSim\Uv5kTopSim.csproj", "{AB71F936-DE15-4C37-BDC4-23C9A7F2C7D7}"
EndProject
Project("{FAE04EC0-301F-11D3-BF4B-00C04F79EFBC}") = "WinAudio", "tools\WinAudio\WinAudio.csproj", "{F2290F8C-6167-4B0F-BE03-5E2C57885760}"
EndProject
Project("{FAE04EC0-301F-11D3-BF4B-00C04F79EFBC}") = "Uv5kClusterSim", "tools\Uv5kClusterSim\Uv5kClusterSim.csproj", "{B7DCC7D4-F193-4AFC-801F-C48B84BF55C7}"
EndProject
Project("{FAE04EC0-301F-11D3-BF4B-00C04F79EFBC}") = "idiomas", "idiomas\idiomas.csproj", "{974454BA-3953-4897-ADA2-8139EEEF5F87}"
EndProject
Project("{FAE04EC0-301F-11D3-BF4B-00C04F79EFBC}") = "RcsHfSimulator", "tools\RcsHfSimulator\RcsHfSimulator.csproj", "{EBF327E9-1110-4721-8F75-098929DE7630}"
EndProject
Project("{FAE04EC0-301F-11D3-BF4B-00C04F79EFBC}") = "Uv5kiTaHfManager", "tools\Uv5kiTaHfManager\Uv5kiTaHfManager.csproj", "{1E25CAC7-0A30-44E2-B16E-554056444B00}"
EndProject
Project("{2150E333-8FDC-42A3-9474-1A3956D46DE8}") = "Pruebas", "Pruebas", "{B9A28290-1656-4241-9464-5E9F474B54A7}"
EndProject
Project("{FAE04EC0-301F-11D3-BF4B-00C04F79EFBC}") = "LockTesting", "Pruebas\LockTesting\LockTesting.csproj", "{E70B7CE3-2218-44E3-92BC-5DBCCAD808BF}"
EndProject
Project("{FAE04EC0-301F-11D3-BF4B-00C04F79EFBC}") = "SerializeTest", "Pruebas\SerializeTest\SerializeTest.csproj", "{D633B3B8-FF7F-4546-B02C-EB46AB9EE2AA}"
EndProject
Project("{FAE04EC0-301F-11D3-BF4B-00C04F79EFBC}") = "UnitTesting", "Pruebas\UnitTesting\UnitTesting.csproj", "{C9E03845-E733-4FFA-8A75-97D810DF303B}"
EndProject
Project("{FAE04EC0-301F-11D3-BF4B-00C04F79EFBC}") = "RadioVoipSim", "tools\RadioVoipSim\RadioVoipSim.csproj", "{0CC52F6E-7AC3-49A7-8679-E3CC840521F2}"
EndProject
Project("{FAE04EC0-301F-11D3-BF4B-00C04F79EFBC}") = "CoreSipNet", "tools\CoreSipNet\CoreSipNet.csproj", "{D09E025F-67C2-48E5-A2A1-ECFCD860DEA1}"
EndProject
Project("{FAE04EC0-301F-11D3-BF4B-00C04F79EFBC}") = "AudioDevicesSimulator", "tools\AudioDevicesSimulator\AudioDevicesSimulator.csproj", "{4BCEAC81-E484-400E-94C9-907307A5D353}"
EndProject
Project("{FAE04EC0-301F-11D3-BF4B-00C04F79EFBC}") = "WpfUv5kiNbxSim", "tools\WpfUv5kiNbxSim\WpfUv5kiNbxSim.csproj", "{727B7E2C-E19B-4691-AAA1-5B4701C3E573}"
EndProject
Project("{FAE04EC0-301F-11D3-BF4B-00C04F79EFBC}") = "U5kManMibRevC", "U5kManMibRevC\U5kManMibRevC.csproj", "{10A878D1-1C89-4E8F-8B84-D7F05908BF64}"
EndProject
Global
	GlobalSection(SolutionConfigurationPlatforms) = preSolution
		CD_ROM|Any CPU = CD_ROM|Any CPU
		CD_ROM|Mixed Platforms = CD_ROM|Mixed Platforms
		CD_ROM|x86 = CD_ROM|x86
		Debug|Any CPU = Debug|Any CPU
		Debug|Mixed Platforms = Debug|Mixed Platforms
		Debug|x86 = Debug|x86
		DVD-5|Any CPU = DVD-5|Any CPU
		DVD-5|Mixed Platforms = DVD-5|Mixed Platforms
		DVD-5|x86 = DVD-5|x86
		Release|Any CPU = Release|Any CPU
		Release|Mixed Platforms = Release|Mixed Platforms
		Release|x86 = Release|x86
		SingleImage|Any CPU = SingleImage|Any CPU
		SingleImage|Mixed Platforms = SingleImage|Mixed Platforms
		SingleImage|x86 = SingleImage|x86
	EndGlobalSection
	GlobalSection(ProjectConfigurationPlatforms) = postSolution
		{ADE5CD26-8DE9-4014-9DF2-59585A19227D}.CD_ROM|Any CPU.ActiveCfg = Release|Any CPU
		{ADE5CD26-8DE9-4014-9DF2-59585A19227D}.CD_ROM|Any CPU.Build.0 = Release|Any CPU
		{ADE5CD26-8DE9-4014-9DF2-59585A19227D}.CD_ROM|Mixed Platforms.ActiveCfg = Release|Any CPU
		{ADE5CD26-8DE9-4014-9DF2-59585A19227D}.CD_ROM|Mixed Platforms.Build.0 = Release|Any CPU
		{ADE5CD26-8DE9-4014-9DF2-59585A19227D}.CD_ROM|x86.ActiveCfg = Release|Any CPU
		{ADE5CD26-8DE9-4014-9DF2-59585A19227D}.Debug|Any CPU.ActiveCfg = Debug|Any CPU
		{ADE5CD26-8DE9-4014-9DF2-59585A19227D}.Debug|Any CPU.Build.0 = Debug|Any CPU
		{ADE5CD26-8DE9-4014-9DF2-59585A19227D}.Debug|Mixed Platforms.ActiveCfg = Debug|Any CPU
		{ADE5CD26-8DE9-4014-9DF2-59585A19227D}.Debug|Mixed Platforms.Build.0 = Debug|Any CPU
		{ADE5CD26-8DE9-4014-9DF2-59585A19227D}.Debug|x86.ActiveCfg = Debug|Any CPU
		{ADE5CD26-8DE9-4014-9DF2-59585A19227D}.DVD-5|Any CPU.ActiveCfg = Debug|Any CPU
		{ADE5CD26-8DE9-4014-9DF2-59585A19227D}.DVD-5|Any CPU.Build.0 = Debug|Any CPU
		{ADE5CD26-8DE9-4014-9DF2-59585A19227D}.DVD-5|Mixed Platforms.ActiveCfg = Debug|Any CPU
		{ADE5CD26-8DE9-4014-9DF2-59585A19227D}.DVD-5|Mixed Platforms.Build.0 = Debug|Any CPU
		{ADE5CD26-8DE9-4014-9DF2-59585A19227D}.DVD-5|x86.ActiveCfg = Debug|Any CPU
		{ADE5CD26-8DE9-4014-9DF2-59585A19227D}.Release|Any CPU.ActiveCfg = Release|Any CPU
		{ADE5CD26-8DE9-4014-9DF2-59585A19227D}.Release|Any CPU.Build.0 = Release|Any CPU
		{ADE5CD26-8DE9-4014-9DF2-59585A19227D}.Release|Mixed Platforms.ActiveCfg = Release|Any CPU
		{ADE5CD26-8DE9-4014-9DF2-59585A19227D}.Release|Mixed Platforms.Build.0 = Release|Any CPU
		{ADE5CD26-8DE9-4014-9DF2-59585A19227D}.Release|x86.ActiveCfg = Release|Any CPU
		{ADE5CD26-8DE9-4014-9DF2-59585A19227D}.SingleImage|Any CPU.ActiveCfg = Release|Any CPU
		{ADE5CD26-8DE9-4014-9DF2-59585A19227D}.SingleImage|Any CPU.Build.0 = Release|Any CPU
		{ADE5CD26-8DE9-4014-9DF2-59585A19227D}.SingleImage|Mixed Platforms.ActiveCfg = Release|Any CPU
		{ADE5CD26-8DE9-4014-9DF2-59585A19227D}.SingleImage|Mixed Platforms.Build.0 = Release|Any CPU
		{ADE5CD26-8DE9-4014-9DF2-59585A19227D}.SingleImage|x86.ActiveCfg = Release|Any CPU
		{BF223179-F940-4433-BBD8-DA34D6115124}.CD_ROM|Any CPU.ActiveCfg = Release|Any CPU
		{BF223179-F940-4433-BBD8-DA34D6115124}.CD_ROM|Any CPU.Build.0 = Release|Any CPU
		{BF223179-F940-4433-BBD8-DA34D6115124}.CD_ROM|Mixed Platforms.ActiveCfg = Release|Any CPU
		{BF223179-F940-4433-BBD8-DA34D6115124}.CD_ROM|Mixed Platforms.Build.0 = Release|Any CPU
		{BF223179-F940-4433-BBD8-DA34D6115124}.CD_ROM|x86.ActiveCfg = Release|Any CPU
		{BF223179-F940-4433-BBD8-DA34D6115124}.Debug|Any CPU.ActiveCfg = Debug|Any CPU
		{BF223179-F940-4433-BBD8-DA34D6115124}.Debug|Any CPU.Build.0 = Debug|Any CPU
		{BF223179-F940-4433-BBD8-DA34D6115124}.Debug|Mixed Platforms.ActiveCfg = Debug|Any CPU
		{BF223179-F940-4433-BBD8-DA34D6115124}.Debug|Mixed Platforms.Build.0 = Debug|Any CPU
		{BF223179-F940-4433-BBD8-DA34D6115124}.Debug|x86.ActiveCfg = Debug|Any CPU
		{BF223179-F940-4433-BBD8-DA34D6115124}.DVD-5|Any CPU.ActiveCfg = Debug|Any CPU
		{BF223179-F940-4433-BBD8-DA34D6115124}.DVD-5|Any CPU.Build.0 = Debug|Any CPU
		{BF223179-F940-4433-BBD8-DA34D6115124}.DVD-5|Mixed Platforms.ActiveCfg = Debug|Any CPU
		{BF223179-F940-4433-BBD8-DA34D6115124}.DVD-5|Mixed Platforms.Build.0 = Debug|Any CPU
		{BF223179-F940-4433-BBD8-DA34D6115124}.DVD-5|x86.ActiveCfg = Debug|Any CPU
		{BF223179-F940-4433-BBD8-DA34D6115124}.Release|Any CPU.ActiveCfg = Release|Any CPU
		{BF223179-F940-4433-BBD8-DA34D6115124}.Release|Any CPU.Build.0 = Release|Any CPU
		{BF223179-F940-4433-BBD8-DA34D6115124}.Release|Mixed Platforms.ActiveCfg = Release|Any CPU
		{BF223179-F940-4433-BBD8-DA34D6115124}.Release|Mixed Platforms.Build.0 = Release|Any CPU
		{BF223179-F940-4433-BBD8-DA34D6115124}.Release|x86.ActiveCfg = Release|Any CPU
		{BF223179-F940-4433-BBD8-DA34D6115124}.SingleImage|Any CPU.ActiveCfg = Release|Any CPU
		{BF223179-F940-4433-BBD8-DA34D6115124}.SingleImage|Any CPU.Build.0 = Release|Any CPU
		{BF223179-F940-4433-BBD8-DA34D6115124}.SingleImage|Mixed Platforms.ActiveCfg = Release|Any CPU
		{BF223179-F940-4433-BBD8-DA34D6115124}.SingleImage|Mixed Platforms.Build.0 = Release|Any CPU
		{BF223179-F940-4433-BBD8-DA34D6115124}.SingleImage|x86.ActiveCfg = Release|Any CPU
		{8696C7D7-F4B3-4720-A921-BC9DB678AF22}.CD_ROM|Any CPU.ActiveCfg = Release|Any CPU
		{8696C7D7-F4B3-4720-A921-BC9DB678AF22}.CD_ROM|Any CPU.Build.0 = Release|Any CPU
		{8696C7D7-F4B3-4720-A921-BC9DB678AF22}.CD_ROM|Mixed Platforms.ActiveCfg = Release|Any CPU
		{8696C7D7-F4B3-4720-A921-BC9DB678AF22}.CD_ROM|Mixed Platforms.Build.0 = Release|Any CPU
		{8696C7D7-F4B3-4720-A921-BC9DB678AF22}.CD_ROM|x86.ActiveCfg = Release|Any CPU
		{8696C7D7-F4B3-4720-A921-BC9DB678AF22}.Debug|Any CPU.ActiveCfg = Debug|Any CPU
		{8696C7D7-F4B3-4720-A921-BC9DB678AF22}.Debug|Any CPU.Build.0 = Debug|Any CPU
		{8696C7D7-F4B3-4720-A921-BC9DB678AF22}.Debug|Mixed Platforms.ActiveCfg = Debug|Any CPU
		{8696C7D7-F4B3-4720-A921-BC9DB678AF22}.Debug|x86.ActiveCfg = Debug|Any CPU
		{8696C7D7-F4B3-4720-A921-BC9DB678AF22}.DVD-5|Any CPU.ActiveCfg = Debug|Any CPU
		{8696C7D7-F4B3-4720-A921-BC9DB678AF22}.DVD-5|Any CPU.Build.0 = Debug|Any CPU
		{8696C7D7-F4B3-4720-A921-BC9DB678AF22}.DVD-5|Mixed Platforms.ActiveCfg = Debug|Any CPU
		{8696C7D7-F4B3-4720-A921-BC9DB678AF22}.DVD-5|Mixed Platforms.Build.0 = Debug|Any CPU
		{8696C7D7-F4B3-4720-A921-BC9DB678AF22}.DVD-5|x86.ActiveCfg = Debug|Any CPU
		{8696C7D7-F4B3-4720-A921-BC9DB678AF22}.Release|Any CPU.ActiveCfg = Release|Any CPU
		{8696C7D7-F4B3-4720-A921-BC9DB678AF22}.Release|Any CPU.Build.0 = Release|Any CPU
		{8696C7D7-F4B3-4720-A921-BC9DB678AF22}.Release|Mixed Platforms.ActiveCfg = Release|Any CPU
		{8696C7D7-F4B3-4720-A921-BC9DB678AF22}.Release|x86.ActiveCfg = Release|Any CPU
		{8696C7D7-F4B3-4720-A921-BC9DB678AF22}.SingleImage|Any CPU.ActiveCfg = Release|Any CPU
		{8696C7D7-F4B3-4720-A921-BC9DB678AF22}.SingleImage|Any CPU.Build.0 = Release|Any CPU
		{8696C7D7-F4B3-4720-A921-BC9DB678AF22}.SingleImage|Mixed Platforms.ActiveCfg = Release|Any CPU
		{8696C7D7-F4B3-4720-A921-BC9DB678AF22}.SingleImage|Mixed Platforms.Build.0 = Release|Any CPU
		{8696C7D7-F4B3-4720-A921-BC9DB678AF22}.SingleImage|x86.ActiveCfg = Release|Any CPU
		{822F500D-ADB8-4BB1-8A1C-E9FEAFF369B0}.CD_ROM|Any CPU.ActiveCfg = Release|Any CPU
		{822F500D-ADB8-4BB1-8A1C-E9FEAFF369B0}.CD_ROM|Any CPU.Build.0 = Release|Any CPU
		{822F500D-ADB8-4BB1-8A1C-E9FEAFF369B0}.CD_ROM|Mixed Platforms.ActiveCfg = Release|Any CPU
		{822F500D-ADB8-4BB1-8A1C-E9FEAFF369B0}.CD_ROM|Mixed Platforms.Build.0 = Release|Any CPU
		{822F500D-ADB8-4BB1-8A1C-E9FEAFF369B0}.CD_ROM|x86.ActiveCfg = Release|Any CPU
		{822F500D-ADB8-4BB1-8A1C-E9FEAFF369B0}.Debug|Any CPU.ActiveCfg = Debug|Any CPU
		{822F500D-ADB8-4BB1-8A1C-E9FEAFF369B0}.Debug|Any CPU.Build.0 = Debug|Any CPU
		{822F500D-ADB8-4BB1-8A1C-E9FEAFF369B0}.Debug|Mixed Platforms.ActiveCfg = Debug|Any CPU
		{822F500D-ADB8-4BB1-8A1C-E9FEAFF369B0}.Debug|Mixed Platforms.Build.0 = Debug|Any CPU
		{822F500D-ADB8-4BB1-8A1C-E9FEAFF369B0}.Debug|x86.ActiveCfg = Debug|Any CPU
		{822F500D-ADB8-4BB1-8A1C-E9FEAFF369B0}.DVD-5|Any CPU.ActiveCfg = Debug|Any CPU
		{822F500D-ADB8-4BB1-8A1C-E9FEAFF369B0}.DVD-5|Any CPU.Build.0 = Debug|Any CPU
		{822F500D-ADB8-4BB1-8A1C-E9FEAFF369B0}.DVD-5|Mixed Platforms.ActiveCfg = Debug|Any CPU
		{822F500D-ADB8-4BB1-8A1C-E9FEAFF369B0}.DVD-5|Mixed Platforms.Build.0 = Debug|Any CPU
		{822F500D-ADB8-4BB1-8A1C-E9FEAFF369B0}.DVD-5|x86.ActiveCfg = Debug|Any CPU
		{822F500D-ADB8-4BB1-8A1C-E9FEAFF369B0}.Release|Any CPU.ActiveCfg = Release|Any CPU
		{822F500D-ADB8-4BB1-8A1C-E9FEAFF369B0}.Release|Any CPU.Build.0 = Release|Any CPU
		{822F500D-ADB8-4BB1-8A1C-E9FEAFF369B0}.Release|Mixed Platforms.ActiveCfg = Release|Any CPU
		{822F500D-ADB8-4BB1-8A1C-E9FEAFF369B0}.Release|Mixed Platforms.Build.0 = Release|Any CPU
		{822F500D-ADB8-4BB1-8A1C-E9FEAFF369B0}.Release|x86.ActiveCfg = Release|Any CPU
		{822F500D-ADB8-4BB1-8A1C-E9FEAFF369B0}.SingleImage|Any CPU.ActiveCfg = Release|Any CPU
		{822F500D-ADB8-4BB1-8A1C-E9FEAFF369B0}.SingleImage|Any CPU.Build.0 = Release|Any CPU
		{822F500D-ADB8-4BB1-8A1C-E9FEAFF369B0}.SingleImage|Mixed Platforms.ActiveCfg = Release|Any CPU
		{822F500D-ADB8-4BB1-8A1C-E9FEAFF369B0}.SingleImage|x86.ActiveCfg = Release|Any CPU
		{D565F872-EAB7-4DC2-9956-25B2AD77E2F7}.CD_ROM|Any CPU.ActiveCfg = Release|x86
		{D565F872-EAB7-4DC2-9956-25B2AD77E2F7}.CD_ROM|Mixed Platforms.ActiveCfg = Release|x86
		{D565F872-EAB7-4DC2-9956-25B2AD77E2F7}.CD_ROM|Mixed Platforms.Build.0 = Release|x86
		{D565F872-EAB7-4DC2-9956-25B2AD77E2F7}.CD_ROM|x86.ActiveCfg = Release|x86
		{D565F872-EAB7-4DC2-9956-25B2AD77E2F7}.CD_ROM|x86.Build.0 = Release|x86
		{D565F872-EAB7-4DC2-9956-25B2AD77E2F7}.Debug|Any CPU.ActiveCfg = Debug|x86
		{D565F872-EAB7-4DC2-9956-25B2AD77E2F7}.Debug|Mixed Platforms.ActiveCfg = Debug|x86
		{D565F872-EAB7-4DC2-9956-25B2AD77E2F7}.Debug|x86.ActiveCfg = Debug|x86
		{D565F872-EAB7-4DC2-9956-25B2AD77E2F7}.Debug|x86.Build.0 = Debug|x86
		{D565F872-EAB7-4DC2-9956-25B2AD77E2F7}.DVD-5|Any CPU.ActiveCfg = Debug|x86
		{D565F872-EAB7-4DC2-9956-25B2AD77E2F7}.DVD-5|Mixed Platforms.ActiveCfg = Debug|x86
		{D565F872-EAB7-4DC2-9956-25B2AD77E2F7}.DVD-5|Mixed Platforms.Build.0 = Debug|x86
		{D565F872-EAB7-4DC2-9956-25B2AD77E2F7}.DVD-5|x86.ActiveCfg = Debug|x86
		{D565F872-EAB7-4DC2-9956-25B2AD77E2F7}.DVD-5|x86.Build.0 = Debug|x86
		{D565F872-EAB7-4DC2-9956-25B2AD77E2F7}.Release|Any CPU.ActiveCfg = Release|x86
		{D565F872-EAB7-4DC2-9956-25B2AD77E2F7}.Release|Mixed Platforms.ActiveCfg = Release|x86
		{D565F872-EAB7-4DC2-9956-25B2AD77E2F7}.Release|Mixed Platforms.Build.0 = Release|x86
		{D565F872-EAB7-4DC2-9956-25B2AD77E2F7}.Release|x86.ActiveCfg = Release|x86
		{D565F872-EAB7-4DC2-9956-25B2AD77E2F7}.Release|x86.Build.0 = Release|x86
		{D565F872-EAB7-4DC2-9956-25B2AD77E2F7}.SingleImage|Any CPU.ActiveCfg = Release|x86
		{D565F872-EAB7-4DC2-9956-25B2AD77E2F7}.SingleImage|Mixed Platforms.ActiveCfg = Release|x86
		{D565F872-EAB7-4DC2-9956-25B2AD77E2F7}.SingleImage|Mixed Platforms.Build.0 = Release|x86
		{D565F872-EAB7-4DC2-9956-25B2AD77E2F7}.SingleImage|x86.ActiveCfg = Release|x86
		{D565F872-EAB7-4DC2-9956-25B2AD77E2F7}.SingleImage|x86.Build.0 = Release|x86
		{5BD96E65-367F-4DAC-856D-822F8FBC928A}.CD_ROM|Any CPU.ActiveCfg = Release|Any CPU
		{5BD96E65-367F-4DAC-856D-822F8FBC928A}.CD_ROM|Any CPU.Build.0 = Release|Any CPU
		{5BD96E65-367F-4DAC-856D-822F8FBC928A}.CD_ROM|Mixed Platforms.ActiveCfg = Release|Any CPU
		{5BD96E65-367F-4DAC-856D-822F8FBC928A}.CD_ROM|Mixed Platforms.Build.0 = Release|Any CPU
		{5BD96E65-367F-4DAC-856D-822F8FBC928A}.CD_ROM|x86.ActiveCfg = Release|Any CPU
		{5BD96E65-367F-4DAC-856D-822F8FBC928A}.Debug|Any CPU.ActiveCfg = Debug|Any CPU
		{5BD96E65-367F-4DAC-856D-822F8FBC928A}.Debug|Any CPU.Build.0 = Debug|Any CPU
		{5BD96E65-367F-4DAC-856D-822F8FBC928A}.Debug|Mixed Platforms.ActiveCfg = Debug|Any CPU
		{5BD96E65-367F-4DAC-856D-822F8FBC928A}.Debug|x86.ActiveCfg = Debug|Any CPU
		{5BD96E65-367F-4DAC-856D-822F8FBC928A}.DVD-5|Any CPU.ActiveCfg = Debug|Any CPU
		{5BD96E65-367F-4DAC-856D-822F8FBC928A}.DVD-5|Any CPU.Build.0 = Debug|Any CPU
		{5BD96E65-367F-4DAC-856D-822F8FBC928A}.DVD-5|Mixed Platforms.ActiveCfg = Debug|Any CPU
		{5BD96E65-367F-4DAC-856D-822F8FBC928A}.DVD-5|Mixed Platforms.Build.0 = Debug|Any CPU
		{5BD96E65-367F-4DAC-856D-822F8FBC928A}.DVD-5|x86.ActiveCfg = Debug|Any CPU
		{5BD96E65-367F-4DAC-856D-822F8FBC928A}.Release|Any CPU.ActiveCfg = Release|Any CPU
		{5BD96E65-367F-4DAC-856D-822F8FBC928A}.Release|Any CPU.Build.0 = Release|Any CPU
		{5BD96E65-367F-4DAC-856D-822F8FBC928A}.Release|Mixed Platforms.ActiveCfg = Release|Any CPU
		{5BD96E65-367F-4DAC-856D-822F8FBC928A}.Release|x86.ActiveCfg = Release|Any CPU
		{5BD96E65-367F-4DAC-856D-822F8FBC928A}.SingleImage|Any CPU.ActiveCfg = Release|Any CPU
		{5BD96E65-367F-4DAC-856D-822F8FBC928A}.SingleImage|Any CPU.Build.0 = Release|Any CPU
		{5BD96E65-367F-4DAC-856D-822F8FBC928A}.SingleImage|Mixed Platforms.ActiveCfg = Release|Any CPU
		{5BD96E65-367F-4DAC-856D-822F8FBC928A}.SingleImage|Mixed Platforms.Build.0 = Release|Any CPU
		{5BD96E65-367F-4DAC-856D-822F8FBC928A}.SingleImage|x86.ActiveCfg = Release|Any CPU
		{B8B06213-BF32-454A-A4AA-90AD4C75B07E}.CD_ROM|Any CPU.ActiveCfg = Release|Any CPU
		{B8B06213-BF32-454A-A4AA-90AD4C75B07E}.CD_ROM|Any CPU.Build.0 = Release|Any CPU
		{B8B06213-BF32-454A-A4AA-90AD4C75B07E}.CD_ROM|Mixed Platforms.ActiveCfg = Release|Any CPU
		{B8B06213-BF32-454A-A4AA-90AD4C75B07E}.CD_ROM|Mixed Platforms.Build.0 = Release|Any CPU
		{B8B06213-BF32-454A-A4AA-90AD4C75B07E}.CD_ROM|x86.ActiveCfg = Release|Any CPU
		{B8B06213-BF32-454A-A4AA-90AD4C75B07E}.Debug|Any CPU.ActiveCfg = Debug|Any CPU
		{B8B06213-BF32-454A-A4AA-90AD4C75B07E}.Debug|Any CPU.Build.0 = Debug|Any CPU
		{B8B06213-BF32-454A-A4AA-90AD4C75B07E}.Debug|Mixed Platforms.ActiveCfg = Debug|Any CPU
		{B8B06213-BF32-454A-A4AA-90AD4C75B07E}.Debug|x86.ActiveCfg = Debug|Any CPU
		{B8B06213-BF32-454A-A4AA-90AD4C75B07E}.DVD-5|Any CPU.ActiveCfg = Debug|Any CPU
		{B8B06213-BF32-454A-A4AA-90AD4C75B07E}.DVD-5|Any CPU.Build.0 = Debug|Any CPU
		{B8B06213-BF32-454A-A4AA-90AD4C75B07E}.DVD-5|Mixed Platforms.ActiveCfg = Debug|Any CPU
		{B8B06213-BF32-454A-A4AA-90AD4C75B07E}.DVD-5|Mixed Platforms.Build.0 = Debug|Any CPU
		{B8B06213-BF32-454A-A4AA-90AD4C75B07E}.DVD-5|x86.ActiveCfg = Debug|Any CPU
		{B8B06213-BF32-454A-A4AA-90AD4C75B07E}.Release|Any CPU.ActiveCfg = Release|Any CPU
		{B8B06213-BF32-454A-A4AA-90AD4C75B07E}.Release|Any CPU.Build.0 = Release|Any CPU
		{B8B06213-BF32-454A-A4AA-90AD4C75B07E}.Release|Mixed Platforms.ActiveCfg = Release|Any CPU
		{B8B06213-BF32-454A-A4AA-90AD4C75B07E}.Release|x86.ActiveCfg = Release|Any CPU
		{B8B06213-BF32-454A-A4AA-90AD4C75B07E}.SingleImage|Any CPU.ActiveCfg = Release|Any CPU
		{B8B06213-BF32-454A-A4AA-90AD4C75B07E}.SingleImage|Any CPU.Build.0 = Release|Any CPU
		{B8B06213-BF32-454A-A4AA-90AD4C75B07E}.SingleImage|Mixed Platforms.ActiveCfg = Release|Any CPU
		{B8B06213-BF32-454A-A4AA-90AD4C75B07E}.SingleImage|Mixed Platforms.Build.0 = Release|Any CPU
		{B8B06213-BF32-454A-A4AA-90AD4C75B07E}.SingleImage|x86.ActiveCfg = Release|Any CPU
		{8908C598-8C74-48A5-8F4E-FDA24283A2B0}.CD_ROM|Any CPU.ActiveCfg = Release|Any CPU
		{8908C598-8C74-48A5-8F4E-FDA24283A2B0}.CD_ROM|Any CPU.Build.0 = Release|Any CPU
		{8908C598-8C74-48A5-8F4E-FDA24283A2B0}.CD_ROM|Mixed Platforms.ActiveCfg = Release|Any CPU
		{8908C598-8C74-48A5-8F4E-FDA24283A2B0}.CD_ROM|Mixed Platforms.Build.0 = Release|Any CPU
		{8908C598-8C74-48A5-8F4E-FDA24283A2B0}.CD_ROM|x86.ActiveCfg = Release|Any CPU
		{8908C598-8C74-48A5-8F4E-FDA24283A2B0}.Debug|Any CPU.ActiveCfg = Debug|Any CPU
		{8908C598-8C74-48A5-8F4E-FDA24283A2B0}.Debug|Any CPU.Build.0 = Debug|Any CPU
		{8908C598-8C74-48A5-8F4E-FDA24283A2B0}.Debug|Mixed Platforms.ActiveCfg = Debug|Any CPU
		{8908C598-8C74-48A5-8F4E-FDA24283A2B0}.Debug|x86.ActiveCfg = Debug|Any CPU
		{8908C598-8C74-48A5-8F4E-FDA24283A2B0}.DVD-5|Any CPU.ActiveCfg = Debug|Any CPU
		{8908C598-8C74-48A5-8F4E-FDA24283A2B0}.DVD-5|Any CPU.Build.0 = Debug|Any CPU
		{8908C598-8C74-48A5-8F4E-FDA24283A2B0}.DVD-5|Mixed Platforms.ActiveCfg = Debug|Any CPU
		{8908C598-8C74-48A5-8F4E-FDA24283A2B0}.DVD-5|Mixed Platforms.Build.0 = Debug|Any CPU
		{8908C598-8C74-48A5-8F4E-FDA24283A2B0}.DVD-5|x86.ActiveCfg = Debug|Any CPU
		{8908C598-8C74-48A5-8F4E-FDA24283A2B0}.Release|Any CPU.ActiveCfg = Release|Any CPU
		{8908C598-8C74-48A5-8F4E-FDA24283A2B0}.Release|Any CPU.Build.0 = Release|Any CPU
		{8908C598-8C74-48A5-8F4E-FDA24283A2B0}.Release|Mixed Platforms.ActiveCfg = Release|Any CPU
		{8908C598-8C74-48A5-8F4E-FDA24283A2B0}.Release|x86.ActiveCfg = Release|Any CPU
		{8908C598-8C74-48A5-8F4E-FDA24283A2B0}.SingleImage|Any CPU.ActiveCfg = Release|Any CPU
		{8908C598-8C74-48A5-8F4E-FDA24283A2B0}.SingleImage|Any CPU.Build.0 = Release|Any CPU
		{8908C598-8C74-48A5-8F4E-FDA24283A2B0}.SingleImage|Mixed Platforms.ActiveCfg = Release|Any CPU
		{8908C598-8C74-48A5-8F4E-FDA24283A2B0}.SingleImage|Mixed Platforms.Build.0 = Release|Any CPU
		{8908C598-8C74-48A5-8F4E-FDA24283A2B0}.SingleImage|x86.ActiveCfg = Release|Any CPU
		{4939D976-3CB5-43EF-A398-B529C08D8C1F}.CD_ROM|Any CPU.ActiveCfg = Release|Any CPU
		{4939D976-3CB5-43EF-A398-B529C08D8C1F}.CD_ROM|Any CPU.Build.0 = Release|Any CPU
		{4939D976-3CB5-43EF-A398-B529C08D8C1F}.CD_ROM|Mixed Platforms.ActiveCfg = Release|Any CPU
		{4939D976-3CB5-43EF-A398-B529C08D8C1F}.CD_ROM|Mixed Platforms.Build.0 = Release|Any CPU
		{4939D976-3CB5-43EF-A398-B529C08D8C1F}.CD_ROM|x86.ActiveCfg = Release|Any CPU
		{4939D976-3CB5-43EF-A398-B529C08D8C1F}.Debug|Any CPU.ActiveCfg = Debug|Any CPU
		{4939D976-3CB5-43EF-A398-B529C08D8C1F}.Debug|Any CPU.Build.0 = Debug|Any CPU
		{4939D976-3CB5-43EF-A398-B529C08D8C1F}.Debug|Mixed Platforms.ActiveCfg = Debug|Any CPU
		{4939D976-3CB5-43EF-A398-B529C08D8C1F}.Debug|x86.ActiveCfg = Debug|Any CPU
		{4939D976-3CB5-43EF-A398-B529C08D8C1F}.DVD-5|Any CPU.ActiveCfg = Debug|Any CPU
		{4939D976-3CB5-43EF-A398-B529C08D8C1F}.DVD-5|Any CPU.Build.0 = Debug|Any CPU
		{4939D976-3CB5-43EF-A398-B529C08D8C1F}.DVD-5|Mixed Platforms.ActiveCfg = Debug|Any CPU
		{4939D976-3CB5-43EF-A398-B529C08D8C1F}.DVD-5|Mixed Platforms.Build.0 = Debug|Any CPU
		{4939D976-3CB5-43EF-A398-B529C08D8C1F}.DVD-5|x86.ActiveCfg = Debug|Any CPU
		{4939D976-3CB5-43EF-A398-B529C08D8C1F}.Release|Any CPU.ActiveCfg = Release|Any CPU
		{4939D976-3CB5-43EF-A398-B529C08D8C1F}.Release|Any CPU.Build.0 = Release|Any CPU
		{4939D976-3CB5-43EF-A398-B529C08D8C1F}.Release|Mixed Platforms.ActiveCfg = Release|Any CPU
		{4939D976-3CB5-43EF-A398-B529C08D8C1F}.Release|x86.ActiveCfg = Release|Any CPU
		{4939D976-3CB5-43EF-A398-B529C08D8C1F}.SingleImage|Any CPU.ActiveCfg = Release|Any CPU
		{4939D976-3CB5-43EF-A398-B529C08D8C1F}.SingleImage|Any CPU.Build.0 = Release|Any CPU
		{4939D976-3CB5-43EF-A398-B529C08D8C1F}.SingleImage|Mixed Platforms.ActiveCfg = Release|Any CPU
		{4939D976-3CB5-43EF-A398-B529C08D8C1F}.SingleImage|Mixed Platforms.Build.0 = Release|Any CPU
		{4939D976-3CB5-43EF-A398-B529C08D8C1F}.SingleImage|x86.ActiveCfg = Release|Any CPU
		{250F387B-81E2-4FD4-B2BE-27BDAA14B813}.CD_ROM|Any CPU.ActiveCfg = Release|Any CPU
		{250F387B-81E2-4FD4-B2BE-27BDAA14B813}.CD_ROM|Any CPU.Build.0 = Release|Any CPU
		{250F387B-81E2-4FD4-B2BE-27BDAA14B813}.CD_ROM|Mixed Platforms.ActiveCfg = Release|Any CPU
		{250F387B-81E2-4FD4-B2BE-27BDAA14B813}.CD_ROM|Mixed Platforms.Build.0 = Release|Any CPU
		{250F387B-81E2-4FD4-B2BE-27BDAA14B813}.CD_ROM|x86.ActiveCfg = Release|Any CPU
		{250F387B-81E2-4FD4-B2BE-27BDAA14B813}.Debug|Any CPU.ActiveCfg = Debug|Any CPU
		{250F387B-81E2-4FD4-B2BE-27BDAA14B813}.Debug|Any CPU.Build.0 = Debug|Any CPU
		{250F387B-81E2-4FD4-B2BE-27BDAA14B813}.Debug|Mixed Platforms.ActiveCfg = Debug|Any CPU
		{250F387B-81E2-4FD4-B2BE-27BDAA14B813}.Debug|x86.ActiveCfg = Debug|Any CPU
		{250F387B-81E2-4FD4-B2BE-27BDAA14B813}.DVD-5|Any CPU.ActiveCfg = Debug|Any CPU
		{250F387B-81E2-4FD4-B2BE-27BDAA14B813}.DVD-5|Any CPU.Build.0 = Debug|Any CPU
		{250F387B-81E2-4FD4-B2BE-27BDAA14B813}.DVD-5|Mixed Platforms.ActiveCfg = Debug|Any CPU
		{250F387B-81E2-4FD4-B2BE-27BDAA14B813}.DVD-5|Mixed Platforms.Build.0 = Debug|Any CPU
		{250F387B-81E2-4FD4-B2BE-27BDAA14B813}.DVD-5|x86.ActiveCfg = Debug|Any CPU
		{250F387B-81E2-4FD4-B2BE-27BDAA14B813}.Release|Any CPU.ActiveCfg = Release|Any CPU
		{250F387B-81E2-4FD4-B2BE-27BDAA14B813}.Release|Any CPU.Build.0 = Release|Any CPU
		{250F387B-81E2-4FD4-B2BE-27BDAA14B813}.Release|Mixed Platforms.ActiveCfg = Release|Any CPU
		{250F387B-81E2-4FD4-B2BE-27BDAA14B813}.Release|x86.ActiveCfg = Release|Any CPU
		{250F387B-81E2-4FD4-B2BE-27BDAA14B813}.SingleImage|Any CPU.ActiveCfg = Release|Any CPU
		{250F387B-81E2-4FD4-B2BE-27BDAA14B813}.SingleImage|Any CPU.Build.0 = Release|Any CPU
		{250F387B-81E2-4FD4-B2BE-27BDAA14B813}.SingleImage|Mixed Platforms.ActiveCfg = Release|Any CPU
		{250F387B-81E2-4FD4-B2BE-27BDAA14B813}.SingleImage|Mixed Platforms.Build.0 = Release|Any CPU
		{250F387B-81E2-4FD4-B2BE-27BDAA14B813}.SingleImage|x86.ActiveCfg = Release|Any CPU
		{A2AD24C3-C5EF-44C8-803F-0B81A0F3B02F}.CD_ROM|Any CPU.ActiveCfg = Release|Any CPU
		{A2AD24C3-C5EF-44C8-803F-0B81A0F3B02F}.CD_ROM|Any CPU.Build.0 = Release|Any CPU
		{A2AD24C3-C5EF-44C8-803F-0B81A0F3B02F}.CD_ROM|Mixed Platforms.ActiveCfg = Release|Any CPU
		{A2AD24C3-C5EF-44C8-803F-0B81A0F3B02F}.CD_ROM|Mixed Platforms.Build.0 = Release|Any CPU
		{A2AD24C3-C5EF-44C8-803F-0B81A0F3B02F}.CD_ROM|x86.ActiveCfg = Release|Any CPU
		{A2AD24C3-C5EF-44C8-803F-0B81A0F3B02F}.Debug|Any CPU.ActiveCfg = Debug|Any CPU
		{A2AD24C3-C5EF-44C8-803F-0B81A0F3B02F}.Debug|Any CPU.Build.0 = Debug|Any CPU
		{A2AD24C3-C5EF-44C8-803F-0B81A0F3B02F}.Debug|Mixed Platforms.ActiveCfg = Debug|Any CPU
		{A2AD24C3-C5EF-44C8-803F-0B81A0F3B02F}.Debug|x86.ActiveCfg = Debug|Any CPU
		{A2AD24C3-C5EF-44C8-803F-0B81A0F3B02F}.DVD-5|Any CPU.ActiveCfg = Debug|Any CPU
		{A2AD24C3-C5EF-44C8-803F-0B81A0F3B02F}.DVD-5|Any CPU.Build.0 = Debug|Any CPU
		{A2AD24C3-C5EF-44C8-803F-0B81A0F3B02F}.DVD-5|Mixed Platforms.ActiveCfg = Debug|Any CPU
		{A2AD24C3-C5EF-44C8-803F-0B81A0F3B02F}.DVD-5|Mixed Platforms.Build.0 = Debug|Any CPU
		{A2AD24C3-C5EF-44C8-803F-0B81A0F3B02F}.DVD-5|x86.ActiveCfg = Debug|Any CPU
		{A2AD24C3-C5EF-44C8-803F-0B81A0F3B02F}.Release|Any CPU.ActiveCfg = Release|Any CPU
		{A2AD24C3-C5EF-44C8-803F-0B81A0F3B02F}.Release|Any CPU.Build.0 = Release|Any CPU
		{A2AD24C3-C5EF-44C8-803F-0B81A0F3B02F}.Release|Mixed Platforms.ActiveCfg = Release|Any CPU
		{A2AD24C3-C5EF-44C8-803F-0B81A0F3B02F}.Release|x86.ActiveCfg = Release|Any CPU
		{A2AD24C3-C5EF-44C8-803F-0B81A0F3B02F}.SingleImage|Any CPU.ActiveCfg = Release|Any CPU
		{A2AD24C3-C5EF-44C8-803F-0B81A0F3B02F}.SingleImage|Any CPU.Build.0 = Release|Any CPU
		{A2AD24C3-C5EF-44C8-803F-0B81A0F3B02F}.SingleImage|Mixed Platforms.ActiveCfg = Release|Any CPU
		{A2AD24C3-C5EF-44C8-803F-0B81A0F3B02F}.SingleImage|Mixed Platforms.Build.0 = Release|Any CPU
		{A2AD24C3-C5EF-44C8-803F-0B81A0F3B02F}.SingleImage|x86.ActiveCfg = Release|Any CPU
		{66E1165B-77A6-4A49-8270-EA43C816D1C9}.CD_ROM|Any CPU.ActiveCfg = Release|Any CPU
		{66E1165B-77A6-4A49-8270-EA43C816D1C9}.CD_ROM|Any CPU.Build.0 = Release|Any CPU
		{66E1165B-77A6-4A49-8270-EA43C816D1C9}.CD_ROM|Mixed Platforms.ActiveCfg = Release|Any CPU
		{66E1165B-77A6-4A49-8270-EA43C816D1C9}.CD_ROM|Mixed Platforms.Build.0 = Release|Any CPU
		{66E1165B-77A6-4A49-8270-EA43C816D1C9}.CD_ROM|x86.ActiveCfg = Release|Any CPU
		{66E1165B-77A6-4A49-8270-EA43C816D1C9}.Debug|Any CPU.ActiveCfg = Debug|Any CPU
		{66E1165B-77A6-4A49-8270-EA43C816D1C9}.Debug|Any CPU.Build.0 = Debug|Any CPU
		{66E1165B-77A6-4A49-8270-EA43C816D1C9}.Debug|Mixed Platforms.ActiveCfg = Debug|Any CPU
		{66E1165B-77A6-4A49-8270-EA43C816D1C9}.Debug|x86.ActiveCfg = Debug|Any CPU
		{66E1165B-77A6-4A49-8270-EA43C816D1C9}.DVD-5|Any CPU.ActiveCfg = Debug|Any CPU
		{66E1165B-77A6-4A49-8270-EA43C816D1C9}.DVD-5|Any CPU.Build.0 = Debug|Any CPU
		{66E1165B-77A6-4A49-8270-EA43C816D1C9}.DVD-5|Mixed Platforms.ActiveCfg = Debug|Any CPU
		{66E1165B-77A6-4A49-8270-EA43C816D1C9}.DVD-5|Mixed Platforms.Build.0 = Debug|Any CPU
		{66E1165B-77A6-4A49-8270-EA43C816D1C9}.DVD-5|x86.ActiveCfg = Debug|Any CPU
		{66E1165B-77A6-4A49-8270-EA43C816D1C9}.Release|Any CPU.ActiveCfg = Release|Any CPU
		{66E1165B-77A6-4A49-8270-EA43C816D1C9}.Release|Any CPU.Build.0 = Release|Any CPU
		{66E1165B-77A6-4A49-8270-EA43C816D1C9}.Release|Mixed Platforms.ActiveCfg = Release|Any CPU
		{66E1165B-77A6-4A49-8270-EA43C816D1C9}.Release|x86.ActiveCfg = Release|Any CPU
		{66E1165B-77A6-4A49-8270-EA43C816D1C9}.SingleImage|Any CPU.ActiveCfg = Release|Any CPU
		{66E1165B-77A6-4A49-8270-EA43C816D1C9}.SingleImage|Any CPU.Build.0 = Release|Any CPU
		{66E1165B-77A6-4A49-8270-EA43C816D1C9}.SingleImage|Mixed Platforms.ActiveCfg = Release|Any CPU
		{66E1165B-77A6-4A49-8270-EA43C816D1C9}.SingleImage|Mixed Platforms.Build.0 = Release|Any CPU
		{66E1165B-77A6-4A49-8270-EA43C816D1C9}.SingleImage|x86.ActiveCfg = Release|Any CPU
		{5DD94F13-ED2C-4A45-9C32-E0C2E32F54DE}.CD_ROM|Any CPU.ActiveCfg = Release|Any CPU
		{5DD94F13-ED2C-4A45-9C32-E0C2E32F54DE}.CD_ROM|Any CPU.Build.0 = Release|Any CPU
		{5DD94F13-ED2C-4A45-9C32-E0C2E32F54DE}.CD_ROM|Mixed Platforms.ActiveCfg = Release|Any CPU
		{5DD94F13-ED2C-4A45-9C32-E0C2E32F54DE}.CD_ROM|Mixed Platforms.Build.0 = Release|Any CPU
		{5DD94F13-ED2C-4A45-9C32-E0C2E32F54DE}.CD_ROM|x86.ActiveCfg = Release|Any CPU
		{5DD94F13-ED2C-4A45-9C32-E0C2E32F54DE}.Debug|Any CPU.ActiveCfg = Debug|Any CPU
		{5DD94F13-ED2C-4A45-9C32-E0C2E32F54DE}.Debug|Any CPU.Build.0 = Debug|Any CPU
		{5DD94F13-ED2C-4A45-9C32-E0C2E32F54DE}.Debug|Mixed Platforms.ActiveCfg = Debug|Any CPU
		{5DD94F13-ED2C-4A45-9C32-E0C2E32F54DE}.Debug|x86.ActiveCfg = Debug|Any CPU
		{5DD94F13-ED2C-4A45-9C32-E0C2E32F54DE}.DVD-5|Any CPU.ActiveCfg = Debug|Any CPU
		{5DD94F13-ED2C-4A45-9C32-E0C2E32F54DE}.DVD-5|Any CPU.Build.0 = Debug|Any CPU
		{5DD94F13-ED2C-4A45-9C32-E0C2E32F54DE}.DVD-5|Mixed Platforms.ActiveCfg = Debug|Any CPU
		{5DD94F13-ED2C-4A45-9C32-E0C2E32F54DE}.DVD-5|Mixed Platforms.Build.0 = Debug|Any CPU
		{5DD94F13-ED2C-4A45-9C32-E0C2E32F54DE}.DVD-5|x86.ActiveCfg = Debug|Any CPU
		{5DD94F13-ED2C-4A45-9C32-E0C2E32F54DE}.Release|Any CPU.ActiveCfg = Release|Any CPU
		{5DD94F13-ED2C-4A45-9C32-E0C2E32F54DE}.Release|Any CPU.Build.0 = Release|Any CPU
		{5DD94F13-ED2C-4A45-9C32-E0C2E32F54DE}.Release|Mixed Platforms.ActiveCfg = Release|Any CPU
		{5DD94F13-ED2C-4A45-9C32-E0C2E32F54DE}.Release|x86.ActiveCfg = Release|Any CPU
		{5DD94F13-ED2C-4A45-9C32-E0C2E32F54DE}.SingleImage|Any CPU.ActiveCfg = Release|Any CPU
		{5DD94F13-ED2C-4A45-9C32-E0C2E32F54DE}.SingleImage|Any CPU.Build.0 = Release|Any CPU
		{5DD94F13-ED2C-4A45-9C32-E0C2E32F54DE}.SingleImage|Mixed Platforms.ActiveCfg = Release|Any CPU
		{5DD94F13-ED2C-4A45-9C32-E0C2E32F54DE}.SingleImage|Mixed Platforms.Build.0 = Release|Any CPU
		{5DD94F13-ED2C-4A45-9C32-E0C2E32F54DE}.SingleImage|x86.ActiveCfg = Release|Any CPU
		{F11C179E-74C5-47BD-8E04-D37A1966F5EF}.CD_ROM|Any CPU.ActiveCfg = Release|Any CPU
		{F11C179E-74C5-47BD-8E04-D37A1966F5EF}.CD_ROM|Any CPU.Build.0 = Release|Any CPU
		{F11C179E-74C5-47BD-8E04-D37A1966F5EF}.CD_ROM|Mixed Platforms.ActiveCfg = Release|Any CPU
		{F11C179E-74C5-47BD-8E04-D37A1966F5EF}.CD_ROM|Mixed Platforms.Build.0 = Release|Any CPU
		{F11C179E-74C5-47BD-8E04-D37A1966F5EF}.CD_ROM|x86.ActiveCfg = Release|Any CPU
		{F11C179E-74C5-47BD-8E04-D37A1966F5EF}.Debug|Any CPU.ActiveCfg = Debug|Any CPU
		{F11C179E-74C5-47BD-8E04-D37A1966F5EF}.Debug|Any CPU.Build.0 = Debug|Any CPU
		{F11C179E-74C5-47BD-8E04-D37A1966F5EF}.Debug|Mixed Platforms.ActiveCfg = Debug|Any CPU
		{F11C179E-74C5-47BD-8E04-D37A1966F5EF}.Debug|x86.ActiveCfg = Debug|Any CPU
		{F11C179E-74C5-47BD-8E04-D37A1966F5EF}.DVD-5|Any CPU.ActiveCfg = Debug|Any CPU
		{F11C179E-74C5-47BD-8E04-D37A1966F5EF}.DVD-5|Any CPU.Build.0 = Debug|Any CPU
		{F11C179E-74C5-47BD-8E04-D37A1966F5EF}.DVD-5|Mixed Platforms.ActiveCfg = Debug|Any CPU
		{F11C179E-74C5-47BD-8E04-D37A1966F5EF}.DVD-5|Mixed Platforms.Build.0 = Debug|Any CPU
		{F11C179E-74C5-47BD-8E04-D37A1966F5EF}.DVD-5|x86.ActiveCfg = Debug|Any CPU
		{F11C179E-74C5-47BD-8E04-D37A1966F5EF}.Release|Any CPU.ActiveCfg = Release|Any CPU
		{F11C179E-74C5-47BD-8E04-D37A1966F5EF}.Release|Any CPU.Build.0 = Release|Any CPU
		{F11C179E-74C5-47BD-8E04-D37A1966F5EF}.Release|Mixed Platforms.ActiveCfg = Release|Any CPU
		{F11C179E-74C5-47BD-8E04-D37A1966F5EF}.Release|x86.ActiveCfg = Release|Any CPU
		{F11C179E-74C5-47BD-8E04-D37A1966F5EF}.SingleImage|Any CPU.ActiveCfg = Release|Any CPU
		{F11C179E-74C5-47BD-8E04-D37A1966F5EF}.SingleImage|Any CPU.Build.0 = Release|Any CPU
		{F11C179E-74C5-47BD-8E04-D37A1966F5EF}.SingleImage|Mixed Platforms.ActiveCfg = Release|Any CPU
		{F11C179E-74C5-47BD-8E04-D37A1966F5EF}.SingleImage|Mixed Platforms.Build.0 = Release|Any CPU
		{F11C179E-74C5-47BD-8E04-D37A1966F5EF}.SingleImage|x86.ActiveCfg = Release|Any CPU
		{90CDB8AE-5C18-4465-B227-129A2C4FE293}.CD_ROM|Any CPU.ActiveCfg = Release|Any CPU
		{90CDB8AE-5C18-4465-B227-129A2C4FE293}.CD_ROM|Any CPU.Build.0 = Release|Any CPU
		{90CDB8AE-5C18-4465-B227-129A2C4FE293}.CD_ROM|Mixed Platforms.ActiveCfg = Release|Any CPU
		{90CDB8AE-5C18-4465-B227-129A2C4FE293}.CD_ROM|Mixed Platforms.Build.0 = Release|Any CPU
		{90CDB8AE-5C18-4465-B227-129A2C4FE293}.CD_ROM|x86.ActiveCfg = Release|Any CPU
		{90CDB8AE-5C18-4465-B227-129A2C4FE293}.Debug|Any CPU.ActiveCfg = Debug|Any CPU
		{90CDB8AE-5C18-4465-B227-129A2C4FE293}.Debug|Any CPU.Build.0 = Debug|Any CPU
		{90CDB8AE-5C18-4465-B227-129A2C4FE293}.Debug|Mixed Platforms.ActiveCfg = Debug|Any CPU
		{90CDB8AE-5C18-4465-B227-129A2C4FE293}.Debug|x86.ActiveCfg = Debug|Any CPU
		{90CDB8AE-5C18-4465-B227-129A2C4FE293}.DVD-5|Any CPU.ActiveCfg = Debug|Any CPU
		{90CDB8AE-5C18-4465-B227-129A2C4FE293}.DVD-5|Any CPU.Build.0 = Debug|Any CPU
		{90CDB8AE-5C18-4465-B227-129A2C4FE293}.DVD-5|Mixed Platforms.ActiveCfg = Debug|Any CPU
		{90CDB8AE-5C18-4465-B227-129A2C4FE293}.DVD-5|Mixed Platforms.Build.0 = Debug|Any CPU
		{90CDB8AE-5C18-4465-B227-129A2C4FE293}.DVD-5|x86.ActiveCfg = Debug|Any CPU
		{90CDB8AE-5C18-4465-B227-129A2C4FE293}.Release|Any CPU.ActiveCfg = Release|Any CPU
		{90CDB8AE-5C18-4465-B227-129A2C4FE293}.Release|Any CPU.Build.0 = Release|Any CPU
		{90CDB8AE-5C18-4465-B227-129A2C4FE293}.Release|Mixed Platforms.ActiveCfg = Release|Any CPU
		{90CDB8AE-5C18-4465-B227-129A2C4FE293}.Release|x86.ActiveCfg = Release|Any CPU
		{90CDB8AE-5C18-4465-B227-129A2C4FE293}.SingleImage|Any CPU.ActiveCfg = Release|Any CPU
		{90CDB8AE-5C18-4465-B227-129A2C4FE293}.SingleImage|Any CPU.Build.0 = Release|Any CPU
		{90CDB8AE-5C18-4465-B227-129A2C4FE293}.SingleImage|Mixed Platforms.ActiveCfg = Release|Any CPU
		{90CDB8AE-5C18-4465-B227-129A2C4FE293}.SingleImage|Mixed Platforms.Build.0 = Release|Any CPU
		{90CDB8AE-5C18-4465-B227-129A2C4FE293}.SingleImage|x86.ActiveCfg = Release|Any CPU
		{AB71F936-DE15-4C37-BDC4-23C9A7F2C7D7}.CD_ROM|Any CPU.ActiveCfg = Release|Any CPU
		{AB71F936-DE15-4C37-BDC4-23C9A7F2C7D7}.CD_ROM|Any CPU.Build.0 = Release|Any CPU
		{AB71F936-DE15-4C37-BDC4-23C9A7F2C7D7}.CD_ROM|Mixed Platforms.ActiveCfg = Release|Any CPU
		{AB71F936-DE15-4C37-BDC4-23C9A7F2C7D7}.CD_ROM|Mixed Platforms.Build.0 = Release|Any CPU
		{AB71F936-DE15-4C37-BDC4-23C9A7F2C7D7}.CD_ROM|x86.ActiveCfg = Release|Any CPU
		{AB71F936-DE15-4C37-BDC4-23C9A7F2C7D7}.Debug|Any CPU.ActiveCfg = Debug|Any CPU
		{AB71F936-DE15-4C37-BDC4-23C9A7F2C7D7}.Debug|Any CPU.Build.0 = Debug|Any CPU
		{AB71F936-DE15-4C37-BDC4-23C9A7F2C7D7}.Debug|Mixed Platforms.ActiveCfg = Debug|Any CPU
		{AB71F936-DE15-4C37-BDC4-23C9A7F2C7D7}.Debug|x86.ActiveCfg = Debug|Any CPU
		{AB71F936-DE15-4C37-BDC4-23C9A7F2C7D7}.DVD-5|Any CPU.ActiveCfg = Debug|Any CPU
		{AB71F936-DE15-4C37-BDC4-23C9A7F2C7D7}.DVD-5|Any CPU.Build.0 = Debug|Any CPU
		{AB71F936-DE15-4C37-BDC4-23C9A7F2C7D7}.DVD-5|Mixed Platforms.ActiveCfg = Debug|Any CPU
		{AB71F936-DE15-4C37-BDC4-23C9A7F2C7D7}.DVD-5|Mixed Platforms.Build.0 = Debug|Any CPU
		{AB71F936-DE15-4C37-BDC4-23C9A7F2C7D7}.DVD-5|x86.ActiveCfg = Debug|Any CPU
		{AB71F936-DE15-4C37-BDC4-23C9A7F2C7D7}.Release|Any CPU.ActiveCfg = Release|Any CPU
		{AB71F936-DE15-4C37-BDC4-23C9A7F2C7D7}.Release|Any CPU.Build.0 = Release|Any CPU
		{AB71F936-DE15-4C37-BDC4-23C9A7F2C7D7}.Release|Mixed Platforms.ActiveCfg = Release|Any CPU
		{AB71F936-DE15-4C37-BDC4-23C9A7F2C7D7}.Release|x86.ActiveCfg = Release|Any CPU
		{AB71F936-DE15-4C37-BDC4-23C9A7F2C7D7}.SingleImage|Any CPU.ActiveCfg = Release|Any CPU
		{AB71F936-DE15-4C37-BDC4-23C9A7F2C7D7}.SingleImage|Any CPU.Build.0 = Release|Any CPU
		{AB71F936-DE15-4C37-BDC4-23C9A7F2C7D7}.SingleImage|Mixed Platforms.ActiveCfg = Release|Any CPU
		{AB71F936-DE15-4C37-BDC4-23C9A7F2C7D7}.SingleImage|Mixed Platforms.Build.0 = Release|Any CPU
		{AB71F936-DE15-4C37-BDC4-23C9A7F2C7D7}.SingleImage|x86.ActiveCfg = Release|Any CPU
		{F2290F8C-6167-4B0F-BE03-5E2C57885760}.CD_ROM|Any CPU.ActiveCfg = Release|Any CPU
		{F2290F8C-6167-4B0F-BE03-5E2C57885760}.CD_ROM|Any CPU.Build.0 = Release|Any CPU
		{F2290F8C-6167-4B0F-BE03-5E2C57885760}.CD_ROM|Mixed Platforms.ActiveCfg = Release|Any CPU
		{F2290F8C-6167-4B0F-BE03-5E2C57885760}.CD_ROM|Mixed Platforms.Build.0 = Release|Any CPU
		{F2290F8C-6167-4B0F-BE03-5E2C57885760}.CD_ROM|x86.ActiveCfg = Release|Any CPU
		{F2290F8C-6167-4B0F-BE03-5E2C57885760}.Debug|Any CPU.ActiveCfg = Debug|Any CPU
		{F2290F8C-6167-4B0F-BE03-5E2C57885760}.Debug|Any CPU.Build.0 = Debug|Any CPU
		{F2290F8C-6167-4B0F-BE03-5E2C57885760}.Debug|Mixed Platforms.ActiveCfg = Debug|Any CPU
		{F2290F8C-6167-4B0F-BE03-5E2C57885760}.Debug|Mixed Platforms.Build.0 = Debug|Any CPU
		{F2290F8C-6167-4B0F-BE03-5E2C57885760}.Debug|x86.ActiveCfg = Debug|Any CPU
		{F2290F8C-6167-4B0F-BE03-5E2C57885760}.DVD-5|Any CPU.ActiveCfg = Debug|Any CPU
		{F2290F8C-6167-4B0F-BE03-5E2C57885760}.DVD-5|Any CPU.Build.0 = Debug|Any CPU
		{F2290F8C-6167-4B0F-BE03-5E2C57885760}.DVD-5|Mixed Platforms.ActiveCfg = Debug|Any CPU
		{F2290F8C-6167-4B0F-BE03-5E2C57885760}.DVD-5|Mixed Platforms.Build.0 = Debug|Any CPU
		{F2290F8C-6167-4B0F-BE03-5E2C57885760}.DVD-5|x86.ActiveCfg = Debug|Any CPU
		{F2290F8C-6167-4B0F-BE03-5E2C57885760}.Release|Any CPU.ActiveCfg = Release|Any CPU
		{F2290F8C-6167-4B0F-BE03-5E2C57885760}.Release|Any CPU.Build.0 = Release|Any CPU
		{F2290F8C-6167-4B0F-BE03-5E2C57885760}.Release|Mixed Platforms.ActiveCfg = Release|Any CPU
		{F2290F8C-6167-4B0F-BE03-5E2C57885760}.Release|Mixed Platforms.Build.0 = Release|Any CPU
		{F2290F8C-6167-4B0F-BE03-5E2C57885760}.Release|x86.ActiveCfg = Release|Any CPU
		{F2290F8C-6167-4B0F-BE03-5E2C57885760}.SingleImage|Any CPU.ActiveCfg = Release|Any CPU
		{F2290F8C-6167-4B0F-BE03-5E2C57885760}.SingleImage|Any CPU.Build.0 = Release|Any CPU
		{F2290F8C-6167-4B0F-BE03-5E2C57885760}.SingleImage|Mixed Platforms.ActiveCfg = Release|Any CPU
		{F2290F8C-6167-4B0F-BE03-5E2C57885760}.SingleImage|Mixed Platforms.Build.0 = Release|Any CPU
		{F2290F8C-6167-4B0F-BE03-5E2C57885760}.SingleImage|x86.ActiveCfg = Release|Any CPU
		{B7DCC7D4-F193-4AFC-801F-C48B84BF55C7}.CD_ROM|Any CPU.ActiveCfg = Release|Any CPU
		{B7DCC7D4-F193-4AFC-801F-C48B84BF55C7}.CD_ROM|Any CPU.Build.0 = Release|Any CPU
		{B7DCC7D4-F193-4AFC-801F-C48B84BF55C7}.CD_ROM|Mixed Platforms.ActiveCfg = Release|Any CPU
		{B7DCC7D4-F193-4AFC-801F-C48B84BF55C7}.CD_ROM|Mixed Platforms.Build.0 = Release|Any CPU
		{B7DCC7D4-F193-4AFC-801F-C48B84BF55C7}.CD_ROM|x86.ActiveCfg = Release|Any CPU
		{B7DCC7D4-F193-4AFC-801F-C48B84BF55C7}.Debug|Any CPU.ActiveCfg = Debug|Any CPU
		{B7DCC7D4-F193-4AFC-801F-C48B84BF55C7}.Debug|Any CPU.Build.0 = Debug|Any CPU
		{B7DCC7D4-F193-4AFC-801F-C48B84BF55C7}.Debug|Mixed Platforms.ActiveCfg = Debug|Any CPU
		{B7DCC7D4-F193-4AFC-801F-C48B84BF55C7}.Debug|Mixed Platforms.Build.0 = Debug|Any CPU
		{B7DCC7D4-F193-4AFC-801F-C48B84BF55C7}.Debug|x86.ActiveCfg = Debug|Any CPU
		{B7DCC7D4-F193-4AFC-801F-C48B84BF55C7}.DVD-5|Any CPU.ActiveCfg = Debug|Any CPU
		{B7DCC7D4-F193-4AFC-801F-C48B84BF55C7}.DVD-5|Any CPU.Build.0 = Debug|Any CPU
		{B7DCC7D4-F193-4AFC-801F-C48B84BF55C7}.DVD-5|Mixed Platforms.ActiveCfg = Debug|Any CPU
		{B7DCC7D4-F193-4AFC-801F-C48B84BF55C7}.DVD-5|Mixed Platforms.Build.0 = Debug|Any CPU
		{B7DCC7D4-F193-4AFC-801F-C48B84BF55C7}.DVD-5|x86.ActiveCfg = Debug|Any CPU
		{B7DCC7D4-F193-4AFC-801F-C48B84BF55C7}.Release|Any CPU.ActiveCfg = Release|Any CPU
		{B7DCC7D4-F193-4AFC-801F-C48B84BF55C7}.Release|Any CPU.Build.0 = Release|Any CPU
		{B7DCC7D4-F193-4AFC-801F-C48B84BF55C7}.Release|Mixed Platforms.ActiveCfg = Release|Any CPU
		{B7DCC7D4-F193-4AFC-801F-C48B84BF55C7}.Release|Mixed Platforms.Build.0 = Release|Any CPU
		{B7DCC7D4-F193-4AFC-801F-C48B84BF55C7}.Release|x86.ActiveCfg = Release|Any CPU
		{B7DCC7D4-F193-4AFC-801F-C48B84BF55C7}.SingleImage|Any CPU.ActiveCfg = Release|Any CPU
		{B7DCC7D4-F193-4AFC-801F-C48B84BF55C7}.SingleImage|Any CPU.Build.0 = Release|Any CPU
		{B7DCC7D4-F193-4AFC-801F-C48B84BF55C7}.SingleImage|Mixed Platforms.ActiveCfg = Release|Any CPU
		{B7DCC7D4-F193-4AFC-801F-C48B84BF55C7}.SingleImage|Mixed Platforms.Build.0 = Release|Any CPU
		{B7DCC7D4-F193-4AFC-801F-C48B84BF55C7}.SingleImage|x86.ActiveCfg = Release|Any CPU
		{974454BA-3953-4897-ADA2-8139EEEF5F87}.CD_ROM|Any CPU.ActiveCfg = Release|Any CPU
		{974454BA-3953-4897-ADA2-8139EEEF5F87}.CD_ROM|Any CPU.Build.0 = Release|Any CPU
		{974454BA-3953-4897-ADA2-8139EEEF5F87}.CD_ROM|Mixed Platforms.ActiveCfg = Release|Any CPU
		{974454BA-3953-4897-ADA2-8139EEEF5F87}.CD_ROM|Mixed Platforms.Build.0 = Release|Any CPU
		{974454BA-3953-4897-ADA2-8139EEEF5F87}.CD_ROM|x86.ActiveCfg = Release|Any CPU
		{974454BA-3953-4897-ADA2-8139EEEF5F87}.Debug|Any CPU.ActiveCfg = Debug|Any CPU
		{974454BA-3953-4897-ADA2-8139EEEF5F87}.Debug|Any CPU.Build.0 = Debug|Any CPU
		{974454BA-3953-4897-ADA2-8139EEEF5F87}.Debug|Mixed Platforms.ActiveCfg = Debug|Any CPU
		{974454BA-3953-4897-ADA2-8139EEEF5F87}.Debug|Mixed Platforms.Build.0 = Debug|Any CPU
		{974454BA-3953-4897-ADA2-8139EEEF5F87}.Debug|x86.ActiveCfg = Debug|Any CPU
		{974454BA-3953-4897-ADA2-8139EEEF5F87}.DVD-5|Any CPU.ActiveCfg = Debug|Any CPU
		{974454BA-3953-4897-ADA2-8139EEEF5F87}.DVD-5|Any CPU.Build.0 = Debug|Any CPU
		{974454BA-3953-4897-ADA2-8139EEEF5F87}.DVD-5|Mixed Platforms.ActiveCfg = Debug|Any CPU
		{974454BA-3953-4897-ADA2-8139EEEF5F87}.DVD-5|Mixed Platforms.Build.0 = Debug|Any CPU
		{974454BA-3953-4897-ADA2-8139EEEF5F87}.DVD-5|x86.ActiveCfg = Debug|Any CPU
		{974454BA-3953-4897-ADA2-8139EEEF5F87}.Release|Any CPU.ActiveCfg = Release|Any CPU
		{974454BA-3953-4897-ADA2-8139EEEF5F87}.Release|Any CPU.Build.0 = Release|Any CPU
		{974454BA-3953-4897-ADA2-8139EEEF5F87}.Release|Mixed Platforms.ActiveCfg = Release|Any CPU
		{974454BA-3953-4897-ADA2-8139EEEF5F87}.Release|Mixed Platforms.Build.0 = Release|Any CPU
		{974454BA-3953-4897-ADA2-8139EEEF5F87}.Release|x86.ActiveCfg = Release|Any CPU
		{974454BA-3953-4897-ADA2-8139EEEF5F87}.SingleImage|Any CPU.ActiveCfg = Release|Any CPU
		{974454BA-3953-4897-ADA2-8139EEEF5F87}.SingleImage|Any CPU.Build.0 = Release|Any CPU
		{974454BA-3953-4897-ADA2-8139EEEF5F87}.SingleImage|Mixed Platforms.ActiveCfg = Release|Any CPU
		{974454BA-3953-4897-ADA2-8139EEEF5F87}.SingleImage|Mixed Platforms.Build.0 = Release|Any CPU
		{974454BA-3953-4897-ADA2-8139EEEF5F87}.SingleImage|x86.ActiveCfg = Release|Any CPU
		{EBF327E9-1110-4721-8F75-098929DE7630}.CD_ROM|Any CPU.ActiveCfg = Release|Any CPU
		{EBF327E9-1110-4721-8F75-098929DE7630}.CD_ROM|Any CPU.Build.0 = Release|Any CPU
		{EBF327E9-1110-4721-8F75-098929DE7630}.CD_ROM|Mixed Platforms.ActiveCfg = Release|Any CPU
		{EBF327E9-1110-4721-8F75-098929DE7630}.CD_ROM|Mixed Platforms.Build.0 = Release|Any CPU
		{EBF327E9-1110-4721-8F75-098929DE7630}.CD_ROM|x86.ActiveCfg = Release|Any CPU
		{EBF327E9-1110-4721-8F75-098929DE7630}.Debug|Any CPU.ActiveCfg = Debug|Any CPU
		{EBF327E9-1110-4721-8F75-098929DE7630}.Debug|Any CPU.Build.0 = Debug|Any CPU
		{EBF327E9-1110-4721-8F75-098929DE7630}.Debug|Mixed Platforms.ActiveCfg = Debug|Any CPU
		{EBF327E9-1110-4721-8F75-098929DE7630}.Debug|Mixed Platforms.Build.0 = Debug|Any CPU
		{EBF327E9-1110-4721-8F75-098929DE7630}.Debug|x86.ActiveCfg = Debug|Any CPU
		{EBF327E9-1110-4721-8F75-098929DE7630}.DVD-5|Any CPU.ActiveCfg = Debug|Any CPU
		{EBF327E9-1110-4721-8F75-098929DE7630}.DVD-5|Any CPU.Build.0 = Debug|Any CPU
		{EBF327E9-1110-4721-8F75-098929DE7630}.DVD-5|Mixed Platforms.ActiveCfg = Debug|Any CPU
		{EBF327E9-1110-4721-8F75-098929DE7630}.DVD-5|Mixed Platforms.Build.0 = Debug|Any CPU
		{EBF327E9-1110-4721-8F75-098929DE7630}.DVD-5|x86.ActiveCfg = Debug|Any CPU
		{EBF327E9-1110-4721-8F75-098929DE7630}.Release|Any CPU.ActiveCfg = Release|Any CPU
		{EBF327E9-1110-4721-8F75-098929DE7630}.Release|Any CPU.Build.0 = Release|Any CPU
		{EBF327E9-1110-4721-8F75-098929DE7630}.Release|Mixed Platforms.ActiveCfg = Release|Any CPU
		{EBF327E9-1110-4721-8F75-098929DE7630}.Release|Mixed Platforms.Build.0 = Release|Any CPU
		{EBF327E9-1110-4721-8F75-098929DE7630}.Release|x86.ActiveCfg = Release|Any CPU
		{EBF327E9-1110-4721-8F75-098929DE7630}.SingleImage|Any CPU.ActiveCfg = Release|Any CPU
		{EBF327E9-1110-4721-8F75-098929DE7630}.SingleImage|Any CPU.Build.0 = Release|Any CPU
		{EBF327E9-1110-4721-8F75-098929DE7630}.SingleImage|Mixed Platforms.ActiveCfg = Release|Any CPU
		{EBF327E9-1110-4721-8F75-098929DE7630}.SingleImage|Mixed Platforms.Build.0 = Release|Any CPU
		{EBF327E9-1110-4721-8F75-098929DE7630}.SingleImage|x86.ActiveCfg = Release|Any CPU
		{1E25CAC7-0A30-44E2-B16E-554056444B00}.CD_ROM|Any CPU.ActiveCfg = Release|Any CPU
		{1E25CAC7-0A30-44E2-B16E-554056444B00}.CD_ROM|Any CPU.Build.0 = Release|Any CPU
		{1E25CAC7-0A30-44E2-B16E-554056444B00}.CD_ROM|Mixed Platforms.ActiveCfg = Release|Any CPU
		{1E25CAC7-0A30-44E2-B16E-554056444B00}.CD_ROM|Mixed Platforms.Build.0 = Release|Any CPU
		{1E25CAC7-0A30-44E2-B16E-554056444B00}.CD_ROM|x86.ActiveCfg = Release|Any CPU
		{1E25CAC7-0A30-44E2-B16E-554056444B00}.Debug|Any CPU.ActiveCfg = Debug|Any CPU
		{1E25CAC7-0A30-44E2-B16E-554056444B00}.Debug|Any CPU.Build.0 = Debug|Any CPU
		{1E25CAC7-0A30-44E2-B16E-554056444B00}.Debug|Mixed Platforms.ActiveCfg = Debug|Any CPU
		{1E25CAC7-0A30-44E2-B16E-554056444B00}.Debug|Mixed Platforms.Build.0 = Debug|Any CPU
		{1E25CAC7-0A30-44E2-B16E-554056444B00}.Debug|x86.ActiveCfg = Debug|Any CPU
		{1E25CAC7-0A30-44E2-B16E-554056444B00}.DVD-5|Any CPU.ActiveCfg = Debug|Any CPU
		{1E25CAC7-0A30-44E2-B16E-554056444B00}.DVD-5|Any CPU.Build.0 = Debug|Any CPU
		{1E25CAC7-0A30-44E2-B16E-554056444B00}.DVD-5|Mixed Platforms.ActiveCfg = Debug|Any CPU
		{1E25CAC7-0A30-44E2-B16E-554056444B00}.DVD-5|Mixed Platforms.Build.0 = Debug|Any CPU
		{1E25CAC7-0A30-44E2-B16E-554056444B00}.DVD-5|x86.ActiveCfg = Debug|Any CPU
		{1E25CAC7-0A30-44E2-B16E-554056444B00}.Release|Any CPU.ActiveCfg = Release|Any CPU
		{1E25CAC7-0A30-44E2-B16E-554056444B00}.Release|Any CPU.Build.0 = Release|Any CPU
		{1E25CAC7-0A30-44E2-B16E-554056444B00}.Release|Mixed Platforms.ActiveCfg = Release|Any CPU
		{1E25CAC7-0A30-44E2-B16E-554056444B00}.Release|Mixed Platforms.Build.0 = Release|Any CPU
		{1E25CAC7-0A30-44E2-B16E-554056444B00}.Release|x86.ActiveCfg = Release|Any CPU
		{1E25CAC7-0A30-44E2-B16E-554056444B00}.SingleImage|Any CPU.ActiveCfg = Release|Any CPU
		{1E25CAC7-0A30-44E2-B16E-554056444B00}.SingleImage|Any CPU.Build.0 = Release|Any CPU
		{1E25CAC7-0A30-44E2-B16E-554056444B00}.SingleImage|Mixed Platforms.ActiveCfg = Release|Any CPU
		{1E25CAC7-0A30-44E2-B16E-554056444B00}.SingleImage|Mixed Platforms.Build.0 = Release|Any CPU
		{1E25CAC7-0A30-44E2-B16E-554056444B00}.SingleImage|x86.ActiveCfg = Release|Any CPU
		{E70B7CE3-2218-44E3-92BC-5DBCCAD808BF}.CD_ROM|Any CPU.ActiveCfg = Release|Any CPU
		{E70B7CE3-2218-44E3-92BC-5DBCCAD808BF}.CD_ROM|Any CPU.Build.0 = Release|Any CPU
		{E70B7CE3-2218-44E3-92BC-5DBCCAD808BF}.CD_ROM|Mixed Platforms.ActiveCfg = Release|Any CPU
		{E70B7CE3-2218-44E3-92BC-5DBCCAD808BF}.CD_ROM|Mixed Platforms.Build.0 = Release|Any CPU
		{E70B7CE3-2218-44E3-92BC-5DBCCAD808BF}.CD_ROM|x86.ActiveCfg = Release|Any CPU
		{E70B7CE3-2218-44E3-92BC-5DBCCAD808BF}.Debug|Any CPU.ActiveCfg = Debug|Any CPU
		{E70B7CE3-2218-44E3-92BC-5DBCCAD808BF}.Debug|Any CPU.Build.0 = Debug|Any CPU
		{E70B7CE3-2218-44E3-92BC-5DBCCAD808BF}.Debug|Mixed Platforms.ActiveCfg = Debug|Any CPU
		{E70B7CE3-2218-44E3-92BC-5DBCCAD808BF}.Debug|Mixed Platforms.Build.0 = Debug|Any CPU
		{E70B7CE3-2218-44E3-92BC-5DBCCAD808BF}.Debug|x86.ActiveCfg = Debug|Any CPU
		{E70B7CE3-2218-44E3-92BC-5DBCCAD808BF}.DVD-5|Any CPU.ActiveCfg = Debug|Any CPU
		{E70B7CE3-2218-44E3-92BC-5DBCCAD808BF}.DVD-5|Any CPU.Build.0 = Debug|Any CPU
		{E70B7CE3-2218-44E3-92BC-5DBCCAD808BF}.DVD-5|Mixed Platforms.ActiveCfg = Debug|Any CPU
		{E70B7CE3-2218-44E3-92BC-5DBCCAD808BF}.DVD-5|Mixed Platforms.Build.0 = Debug|Any CPU
		{E70B7CE3-2218-44E3-92BC-5DBCCAD808BF}.DVD-5|x86.ActiveCfg = Debug|Any CPU
		{E70B7CE3-2218-44E3-92BC-5DBCCAD808BF}.Release|Any CPU.ActiveCfg = Release|Any CPU
		{E70B7CE3-2218-44E3-92BC-5DBCCAD808BF}.Release|Any CPU.Build.0 = Release|Any CPU
		{E70B7CE3-2218-44E3-92BC-5DBCCAD808BF}.Release|Mixed Platforms.ActiveCfg = Release|Any CPU
		{E70B7CE3-2218-44E3-92BC-5DBCCAD808BF}.Release|Mixed Platforms.Build.0 = Release|Any CPU
		{E70B7CE3-2218-44E3-92BC-5DBCCAD808BF}.Release|x86.ActiveCfg = Release|Any CPU
		{E70B7CE3-2218-44E3-92BC-5DBCCAD808BF}.SingleImage|Any CPU.ActiveCfg = Release|Any CPU
		{E70B7CE3-2218-44E3-92BC-5DBCCAD808BF}.SingleImage|Any CPU.Build.0 = Release|Any CPU
		{E70B7CE3-2218-44E3-92BC-5DBCCAD808BF}.SingleImage|Mixed Platforms.ActiveCfg = Release|Any CPU
		{E70B7CE3-2218-44E3-92BC-5DBCCAD808BF}.SingleImage|Mixed Platforms.Build.0 = Release|Any CPU
		{E70B7CE3-2218-44E3-92BC-5DBCCAD808BF}.SingleImage|x86.ActiveCfg = Release|Any CPU
		{D633B3B8-FF7F-4546-B02C-EB46AB9EE2AA}.CD_ROM|Any CPU.ActiveCfg = Release|Any CPU
		{D633B3B8-FF7F-4546-B02C-EB46AB9EE2AA}.CD_ROM|Any CPU.Build.0 = Release|Any CPU
		{D633B3B8-FF7F-4546-B02C-EB46AB9EE2AA}.CD_ROM|Mixed Platforms.ActiveCfg = Release|Any CPU
		{D633B3B8-FF7F-4546-B02C-EB46AB9EE2AA}.CD_ROM|Mixed Platforms.Build.0 = Release|Any CPU
		{D633B3B8-FF7F-4546-B02C-EB46AB9EE2AA}.CD_ROM|x86.ActiveCfg = Release|Any CPU
		{D633B3B8-FF7F-4546-B02C-EB46AB9EE2AA}.Debug|Any CPU.ActiveCfg = Debug|Any CPU
		{D633B3B8-FF7F-4546-B02C-EB46AB9EE2AA}.Debug|Any CPU.Build.0 = Debug|Any CPU
		{D633B3B8-FF7F-4546-B02C-EB46AB9EE2AA}.Debug|Mixed Platforms.ActiveCfg = Debug|Any CPU
		{D633B3B8-FF7F-4546-B02C-EB46AB9EE2AA}.Debug|Mixed Platforms.Build.0 = Debug|Any CPU
		{D633B3B8-FF7F-4546-B02C-EB46AB9EE2AA}.Debug|x86.ActiveCfg = Debug|Any CPU
		{D633B3B8-FF7F-4546-B02C-EB46AB9EE2AA}.DVD-5|Any CPU.ActiveCfg = Debug|Any CPU
		{D633B3B8-FF7F-4546-B02C-EB46AB9EE2AA}.DVD-5|Any CPU.Build.0 = Debug|Any CPU
		{D633B3B8-FF7F-4546-B02C-EB46AB9EE2AA}.DVD-5|Mixed Platforms.ActiveCfg = Debug|Any CPU
		{D633B3B8-FF7F-4546-B02C-EB46AB9EE2AA}.DVD-5|Mixed Platforms.Build.0 = Debug|Any CPU
		{D633B3B8-FF7F-4546-B02C-EB46AB9EE2AA}.DVD-5|x86.ActiveCfg = Debug|Any CPU
		{D633B3B8-FF7F-4546-B02C-EB46AB9EE2AA}.Release|Any CPU.ActiveCfg = Release|Any CPU
		{D633B3B8-FF7F-4546-B02C-EB46AB9EE2AA}.Release|Any CPU.Build.0 = Release|Any CPU
		{D633B3B8-FF7F-4546-B02C-EB46AB9EE2AA}.Release|Mixed Platforms.ActiveCfg = Release|Any CPU
		{D633B3B8-FF7F-4546-B02C-EB46AB9EE2AA}.Release|Mixed Platforms.Build.0 = Release|Any CPU
		{D633B3B8-FF7F-4546-B02C-EB46AB9EE2AA}.Release|x86.ActiveCfg = Release|Any CPU
		{D633B3B8-FF7F-4546-B02C-EB46AB9EE2AA}.SingleImage|Any CPU.ActiveCfg = Release|Any CPU
		{D633B3B8-FF7F-4546-B02C-EB46AB9EE2AA}.SingleImage|Any CPU.Build.0 = Release|Any CPU
		{D633B3B8-FF7F-4546-B02C-EB46AB9EE2AA}.SingleImage|Mixed Platforms.ActiveCfg = Release|Any CPU
		{D633B3B8-FF7F-4546-B02C-EB46AB9EE2AA}.SingleImage|Mixed Platforms.Build.0 = Release|Any CPU
		{D633B3B8-FF7F-4546-B02C-EB46AB9EE2AA}.SingleImage|x86.ActiveCfg = Release|Any CPU
		{C9E03845-E733-4FFA-8A75-97D810DF303B}.CD_ROM|Any CPU.ActiveCfg = Release|Any CPU
		{C9E03845-E733-4FFA-8A75-97D810DF303B}.CD_ROM|Any CPU.Build.0 = Release|Any CPU
		{C9E03845-E733-4FFA-8A75-97D810DF303B}.CD_ROM|Mixed Platforms.ActiveCfg = Release|Any CPU
		{C9E03845-E733-4FFA-8A75-97D810DF303B}.CD_ROM|Mixed Platforms.Build.0 = Release|Any CPU
		{C9E03845-E733-4FFA-8A75-97D810DF303B}.CD_ROM|x86.ActiveCfg = Release|Any CPU
		{C9E03845-E733-4FFA-8A75-97D810DF303B}.Debug|Any CPU.ActiveCfg = Debug|Any CPU
		{C9E03845-E733-4FFA-8A75-97D810DF303B}.Debug|Any CPU.Build.0 = Debug|Any CPU
		{C9E03845-E733-4FFA-8A75-97D810DF303B}.Debug|Mixed Platforms.ActiveCfg = Debug|Any CPU
		{C9E03845-E733-4FFA-8A75-97D810DF303B}.Debug|Mixed Platforms.Build.0 = Debug|Any CPU
		{C9E03845-E733-4FFA-8A75-97D810DF303B}.Debug|x86.ActiveCfg = Debug|Any CPU
		{C9E03845-E733-4FFA-8A75-97D810DF303B}.DVD-5|Any CPU.ActiveCfg = Debug|Any CPU
		{C9E03845-E733-4FFA-8A75-97D810DF303B}.DVD-5|Any CPU.Build.0 = Debug|Any CPU
		{C9E03845-E733-4FFA-8A75-97D810DF303B}.DVD-5|Mixed Platforms.ActiveCfg = Debug|Any CPU
		{C9E03845-E733-4FFA-8A75-97D810DF303B}.DVD-5|Mixed Platforms.Build.0 = Debug|Any CPU
		{C9E03845-E733-4FFA-8A75-97D810DF303B}.DVD-5|x86.ActiveCfg = Debug|Any CPU
		{C9E03845-E733-4FFA-8A75-97D810DF303B}.Release|Any CPU.ActiveCfg = Release|Any CPU
		{C9E03845-E733-4FFA-8A75-97D810DF303B}.Release|Any CPU.Build.0 = Release|Any CPU
		{C9E03845-E733-4FFA-8A75-97D810DF303B}.Release|Mixed Platforms.ActiveCfg = Release|Any CPU
		{C9E03845-E733-4FFA-8A75-97D810DF303B}.Release|Mixed Platforms.Build.0 = Release|Any CPU
		{C9E03845-E733-4FFA-8A75-97D810DF303B}.Release|x86.ActiveCfg = Release|Any CPU
		{C9E03845-E733-4FFA-8A75-97D810DF303B}.SingleImage|Any CPU.ActiveCfg = Release|Any CPU
		{C9E03845-E733-4FFA-8A75-97D810DF303B}.SingleImage|Any CPU.Build.0 = Release|Any CPU
		{C9E03845-E733-4FFA-8A75-97D810DF303B}.SingleImage|Mixed Platforms.ActiveCfg = Release|Any CPU
		{C9E03845-E733-4FFA-8A75-97D810DF303B}.SingleImage|Mixed Platforms.Build.0 = Release|Any CPU
		{C9E03845-E733-4FFA-8A75-97D810DF303B}.SingleImage|x86.ActiveCfg = Release|Any CPU
		{0CC52F6E-7AC3-49A7-8679-E3CC840521F2}.CD_ROM|Any CPU.ActiveCfg = Release|Any CPU
		{0CC52F6E-7AC3-49A7-8679-E3CC840521F2}.CD_ROM|Any CPU.Build.0 = Release|Any CPU
		{0CC52F6E-7AC3-49A7-8679-E3CC840521F2}.CD_ROM|Mixed Platforms.ActiveCfg = Release|Any CPU
		{0CC52F6E-7AC3-49A7-8679-E3CC840521F2}.CD_ROM|Mixed Platforms.Build.0 = Release|Any CPU
		{0CC52F6E-7AC3-49A7-8679-E3CC840521F2}.CD_ROM|x86.ActiveCfg = Release|Any CPU
		{0CC52F6E-7AC3-49A7-8679-E3CC840521F2}.Debug|Any CPU.ActiveCfg = Debug|Any CPU
		{0CC52F6E-7AC3-49A7-8679-E3CC840521F2}.Debug|Any CPU.Build.0 = Debug|Any CPU
		{0CC52F6E-7AC3-49A7-8679-E3CC840521F2}.Debug|Mixed Platforms.ActiveCfg = Debug|Any CPU
		{0CC52F6E-7AC3-49A7-8679-E3CC840521F2}.Debug|Mixed Platforms.Build.0 = Debug|Any CPU
		{0CC52F6E-7AC3-49A7-8679-E3CC840521F2}.Debug|x86.ActiveCfg = Debug|Any CPU
		{0CC52F6E-7AC3-49A7-8679-E3CC840521F2}.DVD-5|Any CPU.ActiveCfg = Debug|Any CPU
		{0CC52F6E-7AC3-49A7-8679-E3CC840521F2}.DVD-5|Any CPU.Build.0 = Debug|Any CPU
		{0CC52F6E-7AC3-49A7-8679-E3CC840521F2}.DVD-5|Mixed Platforms.ActiveCfg = Debug|Any CPU
		{0CC52F6E-7AC3-49A7-8679-E3CC840521F2}.DVD-5|Mixed Platforms.Build.0 = Debug|Any CPU
		{0CC52F6E-7AC3-49A7-8679-E3CC840521F2}.DVD-5|x86.ActiveCfg = Debug|Any CPU
		{0CC52F6E-7AC3-49A7-8679-E3CC840521F2}.Release|Any CPU.ActiveCfg = Release|Any CPU
		{0CC52F6E-7AC3-49A7-8679-E3CC840521F2}.Release|Any CPU.Build.0 = Release|Any CPU
		{0CC52F6E-7AC3-49A7-8679-E3CC840521F2}.Release|Mixed Platforms.ActiveCfg = Release|Any CPU
		{0CC52F6E-7AC3-49A7-8679-E3CC840521F2}.Release|Mixed Platforms.Build.0 = Release|Any CPU
		{0CC52F6E-7AC3-49A7-8679-E3CC840521F2}.Release|x86.ActiveCfg = Release|Any CPU
		{0CC52F6E-7AC3-49A7-8679-E3CC840521F2}.SingleImage|Any CPU.ActiveCfg = Release|Any CPU
		{0CC52F6E-7AC3-49A7-8679-E3CC840521F2}.SingleImage|Any CPU.Build.0 = Release|Any CPU
		{0CC52F6E-7AC3-49A7-8679-E3CC840521F2}.SingleImage|Mixed Platforms.ActiveCfg = Release|Any CPU
		{0CC52F6E-7AC3-49A7-8679-E3CC840521F2}.SingleImage|Mixed Platforms.Build.0 = Release|Any CPU
		{0CC52F6E-7AC3-49A7-8679-E3CC840521F2}.SingleImage|x86.ActiveCfg = Release|Any CPU
		{D09E025F-67C2-48E5-A2A1-ECFCD860DEA1}.CD_ROM|Any CPU.ActiveCfg = Release|Any CPU
		{D09E025F-67C2-48E5-A2A1-ECFCD860DEA1}.CD_ROM|Any CPU.Build.0 = Release|Any CPU
		{D09E025F-67C2-48E5-A2A1-ECFCD860DEA1}.CD_ROM|Mixed Platforms.ActiveCfg = Release|Any CPU
		{D09E025F-67C2-48E5-A2A1-ECFCD860DEA1}.CD_ROM|Mixed Platforms.Build.0 = Release|Any CPU
		{D09E025F-67C2-48E5-A2A1-ECFCD860DEA1}.CD_ROM|x86.ActiveCfg = Release|Any CPU
		{D09E025F-67C2-48E5-A2A1-ECFCD860DEA1}.Debug|Any CPU.ActiveCfg = Debug|Any CPU
		{D09E025F-67C2-48E5-A2A1-ECFCD860DEA1}.Debug|Any CPU.Build.0 = Debug|Any CPU
		{D09E025F-67C2-48E5-A2A1-ECFCD860DEA1}.Debug|Mixed Platforms.ActiveCfg = Debug|Any CPU
		{D09E025F-67C2-48E5-A2A1-ECFCD860DEA1}.Debug|Mixed Platforms.Build.0 = Debug|Any CPU
		{D09E025F-67C2-48E5-A2A1-ECFCD860DEA1}.Debug|x86.ActiveCfg = Debug|Any CPU
		{D09E025F-67C2-48E5-A2A1-ECFCD860DEA1}.DVD-5|Any CPU.ActiveCfg = Debug|Any CPU
		{D09E025F-67C2-48E5-A2A1-ECFCD860DEA1}.DVD-5|Any CPU.Build.0 = Debug|Any CPU
		{D09E025F-67C2-48E5-A2A1-ECFCD860DEA1}.DVD-5|Mixed Platforms.ActiveCfg = Debug|Any CPU
		{D09E025F-67C2-48E5-A2A1-ECFCD860DEA1}.DVD-5|Mixed Platforms.Build.0 = Debug|Any CPU
		{D09E025F-67C2-48E5-A2A1-ECFCD860DEA1}.DVD-5|x86.ActiveCfg = Debug|Any CPU
		{D09E025F-67C2-48E5-A2A1-ECFCD860DEA1}.Release|Any CPU.ActiveCfg = Release|Any CPU
		{D09E025F-67C2-48E5-A2A1-ECFCD860DEA1}.Release|Any CPU.Build.0 = Release|Any CPU
		{D09E025F-67C2-48E5-A2A1-ECFCD860DEA1}.Release|Mixed Platforms.ActiveCfg = Release|Any CPU
		{D09E025F-67C2-48E5-A2A1-ECFCD860DEA1}.Release|Mixed Platforms.Build.0 = Release|Any CPU
		{D09E025F-67C2-48E5-A2A1-ECFCD860DEA1}.Release|x86.ActiveCfg = Release|Any CPU
		{D09E025F-67C2-48E5-A2A1-ECFCD860DEA1}.SingleImage|Any CPU.ActiveCfg = Release|Any CPU
		{D09E025F-67C2-48E5-A2A1-ECFCD860DEA1}.SingleImage|Any CPU.Build.0 = Release|Any CPU
		{D09E025F-67C2-48E5-A2A1-ECFCD860DEA1}.SingleImage|Mixed Platforms.ActiveCfg = Release|Any CPU
		{D09E025F-67C2-48E5-A2A1-ECFCD860DEA1}.SingleImage|Mixed Platforms.Build.0 = Release|Any CPU
		{D09E025F-67C2-48E5-A2A1-ECFCD860DEA1}.SingleImage|x86.ActiveCfg = Release|Any CPU
		{4BCEAC81-E484-400E-94C9-907307A5D353}.CD_ROM|Any CPU.ActiveCfg = Release|Any CPU
		{4BCEAC81-E484-400E-94C9-907307A5D353}.CD_ROM|Any CPU.Build.0 = Release|Any CPU
		{4BCEAC81-E484-400E-94C9-907307A5D353}.CD_ROM|Mixed Platforms.ActiveCfg = Release|Any CPU
		{4BCEAC81-E484-400E-94C9-907307A5D353}.CD_ROM|Mixed Platforms.Build.0 = Release|Any CPU
		{4BCEAC81-E484-400E-94C9-907307A5D353}.CD_ROM|x86.ActiveCfg = Release|Any CPU
		{4BCEAC81-E484-400E-94C9-907307A5D353}.Debug|Any CPU.ActiveCfg = Debug|Any CPU
		{4BCEAC81-E484-400E-94C9-907307A5D353}.Debug|Any CPU.Build.0 = Debug|Any CPU
		{4BCEAC81-E484-400E-94C9-907307A5D353}.Debug|Mixed Platforms.ActiveCfg = Debug|Any CPU
		{4BCEAC81-E484-400E-94C9-907307A5D353}.Debug|Mixed Platforms.Build.0 = Debug|Any CPU
		{4BCEAC81-E484-400E-94C9-907307A5D353}.Debug|x86.ActiveCfg = Debug|Any CPU
		{4BCEAC81-E484-400E-94C9-907307A5D353}.DVD-5|Any CPU.ActiveCfg = Debug|Any CPU
		{4BCEAC81-E484-400E-94C9-907307A5D353}.DVD-5|Any CPU.Build.0 = Debug|Any CPU
		{4BCEAC81-E484-400E-94C9-907307A5D353}.DVD-5|Mixed Platforms.ActiveCfg = Debug|Any CPU
		{4BCEAC81-E484-400E-94C9-907307A5D353}.DVD-5|Mixed Platforms.Build.0 = Debug|Any CPU
		{4BCEAC81-E484-400E-94C9-907307A5D353}.DVD-5|x86.ActiveCfg = Debug|Any CPU
		{4BCEAC81-E484-400E-94C9-907307A5D353}.Release|Any CPU.ActiveCfg = Release|Any CPU
		{4BCEAC81-E484-400E-94C9-907307A5D353}.Release|Any CPU.Build.0 = Release|Any CPU
		{4BCEAC81-E484-400E-94C9-907307A5D353}.Release|Mixed Platforms.ActiveCfg = Release|Any CPU
		{4BCEAC81-E484-400E-94C9-907307A5D353}.Release|Mixed Platforms.Build.0 = Release|Any CPU
		{4BCEAC81-E484-400E-94C9-907307A5D353}.Release|x86.ActiveCfg = Release|Any CPU
		{4BCEAC81-E484-400E-94C9-907307A5D353}.SingleImage|Any CPU.ActiveCfg = Release|Any CPU
		{4BCEAC81-E484-400E-94C9-907307A5D353}.SingleImage|Any CPU.Build.0 = Release|Any CPU
		{4BCEAC81-E484-400E-94C9-907307A5D353}.SingleImage|Mixed Platforms.ActiveCfg = Release|Any CPU
		{4BCEAC81-E484-400E-94C9-907307A5D353}.SingleImage|Mixed Platforms.Build.0 = Release|Any CPU
		{4BCEAC81-E484-400E-94C9-907307A5D353}.SingleImage|x86.ActiveCfg = Release|Any CPU
		{727B7E2C-E19B-4691-AAA1-5B4701C3E573}.CD_ROM|Any CPU.ActiveCfg = Release|Any CPU
		{727B7E2C-E19B-4691-AAA1-5B4701C3E573}.CD_ROM|Any CPU.Build.0 = Release|Any CPU
		{727B7E2C-E19B-4691-AAA1-5B4701C3E573}.CD_ROM|Mixed Platforms.ActiveCfg = Release|Any CPU
		{727B7E2C-E19B-4691-AAA1-5B4701C3E573}.CD_ROM|Mixed Platforms.Build.0 = Release|Any CPU
		{727B7E2C-E19B-4691-AAA1-5B4701C3E573}.CD_ROM|x86.ActiveCfg = Release|Any CPU
		{727B7E2C-E19B-4691-AAA1-5B4701C3E573}.Debug|Any CPU.ActiveCfg = Debug|Any CPU
		{727B7E2C-E19B-4691-AAA1-5B4701C3E573}.Debug|Any CPU.Build.0 = Debug|Any CPU
		{727B7E2C-E19B-4691-AAA1-5B4701C3E573}.Debug|Mixed Platforms.ActiveCfg = Debug|Any CPU
		{727B7E2C-E19B-4691-AAA1-5B4701C3E573}.Debug|Mixed Platforms.Build.0 = Debug|Any CPU
		{727B7E2C-E19B-4691-AAA1-5B4701C3E573}.Debug|x86.ActiveCfg = Debug|Any CPU
		{727B7E2C-E19B-4691-AAA1-5B4701C3E573}.DVD-5|Any CPU.ActiveCfg = Debug|Any CPU
		{727B7E2C-E19B-4691-AAA1-5B4701C3E573}.DVD-5|Any CPU.Build.0 = Debug|Any CPU
		{727B7E2C-E19B-4691-AAA1-5B4701C3E573}.DVD-5|Mixed Platforms.ActiveCfg = Debug|Any CPU
		{727B7E2C-E19B-4691-AAA1-5B4701C3E573}.DVD-5|Mixed Platforms.Build.0 = Debug|Any CPU
		{727B7E2C-E19B-4691-AAA1-5B4701C3E573}.DVD-5|x86.ActiveCfg = Debug|Any CPU
		{727B7E2C-E19B-4691-AAA1-5B4701C3E573}.Release|Any CPU.ActiveCfg = Release|Any CPU
		{727B7E2C-E19B-4691-AAA1-5B4701C3E573}.Release|Any CPU.Build.0 = Release|Any CPU
		{727B7E2C-E19B-4691-AAA1-5B4701C3E573}.Release|Mixed Platforms.ActiveCfg = Release|Any CPU
		{727B7E2C-E19B-4691-AAA1-5B4701C3E573}.Release|Mixed Platforms.Build.0 = Release|Any CPU
		{727B7E2C-E19B-4691-AAA1-5B4701C3E573}.Release|x86.ActiveCfg = Release|Any CPU
		{727B7E2C-E19B-4691-AAA1-5B4701C3E573}.SingleImage|Any CPU.ActiveCfg = Release|Any CPU
		{727B7E2C-E19B-4691-AAA1-5B4701C3E573}.SingleImage|Any CPU.Build.0 = Release|Any CPU
		{727B7E2C-E19B-4691-AAA1-5B4701C3E573}.SingleImage|Mixed Platforms.ActiveCfg = Release|Any CPU
		{727B7E2C-E19B-4691-AAA1-5B4701C3E573}.SingleImage|Mixed Platforms.Build.0 = Release|Any CPU
		{727B7E2C-E19B-4691-AAA1-5B4701C3E573}.SingleImage|x86.ActiveCfg = Release|Any CPU
		{10A878D1-1C89-4E8F-8B84-D7F05908BF64}.CD_ROM|Any CPU.ActiveCfg = Release|Any CPU
		{10A878D1-1C89-4E8F-8B84-D7F05908BF64}.CD_ROM|Any CPU.Build.0 = Release|Any CPU
		{10A878D1-1C89-4E8F-8B84-D7F05908BF64}.CD_ROM|Mixed Platforms.ActiveCfg = Release|Any CPU
		{10A878D1-1C89-4E8F-8B84-D7F05908BF64}.CD_ROM|Mixed Platforms.Build.0 = Release|Any CPU
		{10A878D1-1C89-4E8F-8B84-D7F05908BF64}.CD_ROM|x86.ActiveCfg = Release|Any CPU
		{10A878D1-1C89-4E8F-8B84-D7F05908BF64}.CD_ROM|x86.Build.0 = Release|Any CPU
		{10A878D1-1C89-4E8F-8B84-D7F05908BF64}.Debug|Any CPU.ActiveCfg = Debug|Any CPU
		{10A878D1-1C89-4E8F-8B84-D7F05908BF64}.Debug|Any CPU.Build.0 = Debug|Any CPU
		{10A878D1-1C89-4E8F-8B84-D7F05908BF64}.Debug|Mixed Platforms.ActiveCfg = Debug|Any CPU
		{10A878D1-1C89-4E8F-8B84-D7F05908BF64}.Debug|Mixed Platforms.Build.0 = Debug|Any CPU
		{10A878D1-1C89-4E8F-8B84-D7F05908BF64}.Debug|x86.ActiveCfg = Debug|Any CPU
		{10A878D1-1C89-4E8F-8B84-D7F05908BF64}.Debug|x86.Build.0 = Debug|Any CPU
		{10A878D1-1C89-4E8F-8B84-D7F05908BF64}.DVD-5|Any CPU.ActiveCfg = Debug|Any CPU
		{10A878D1-1C89-4E8F-8B84-D7F05908BF64}.DVD-5|Any CPU.Build.0 = Debug|Any CPU
		{10A878D1-1C89-4E8F-8B84-D7F05908BF64}.DVD-5|Mixed Platforms.ActiveCfg = Debug|Any CPU
		{10A878D1-1C89-4E8F-8B84-D7F05908BF64}.DVD-5|Mixed Platforms.Build.0 = Debug|Any CPU
		{10A878D1-1C89-4E8F-8B84-D7F05908BF64}.DVD-5|x86.ActiveCfg = Debug|Any CPU
		{10A878D1-1C89-4E8F-8B84-D7F05908BF64}.DVD-5|x86.Build.0 = Debug|Any CPU
		{10A878D1-1C89-4E8F-8B84-D7F05908BF64}.Release|Any CPU.ActiveCfg = Release|Any CPU
		{10A878D1-1C89-4E8F-8B84-D7F05908BF64}.Release|Any CPU.Build.0 = Release|Any CPU
		{10A878D1-1C89-4E8F-8B84-D7F05908BF64}.Release|Mixed Platforms.ActiveCfg = Release|Any CPU
		{10A878D1-1C89-4E8F-8B84-D7F05908BF64}.Release|Mixed Platforms.Build.0 = Release|Any CPU
		{10A878D1-1C89-4E8F-8B84-D7F05908BF64}.Release|x86.ActiveCfg = Release|Any CPU
		{10A878D1-1C89-4E8F-8B84-D7F05908BF64}.Release|x86.Build.0 = Release|Any CPU
		{10A878D1-1C89-4E8F-8B84-D7F05908BF64}.SingleImage|Any CPU.ActiveCfg = Release|Any CPU
		{10A878D1-1C89-4E8F-8B84-D7F05908BF64}.SingleImage|Any CPU.Build.0 = Release|Any CPU
		{10A878D1-1C89-4E8F-8B84-D7F05908BF64}.SingleImage|Mixed Platforms.ActiveCfg = Release|Any CPU
		{10A878D1-1C89-4E8F-8B84-D7F05908BF64}.SingleImage|Mixed Platforms.Build.0 = Release|Any CPU
		{10A878D1-1C89-4E8F-8B84-D7F05908BF64}.SingleImage|x86.ActiveCfg = Release|Any CPU
		{10A878D1-1C89-4E8F-8B84-D7F05908BF64}.SingleImage|x86.Build.0 = Release|Any CPU
	EndGlobalSection
	GlobalSection(SolutionProperties) = preSolution
		HideSolutionNode = FALSE
	EndGlobalSection
	GlobalSection(NestedProjects) = preSolution
		{8696C7D7-F4B3-4720-A921-BC9DB678AF22} = {22435E45-AD2F-4C2D-AFE5-A9827508A052}
		{22435E45-AD2F-4C2D-AFE5-A9827508A052} = {CF6EDE56-83AC-49CC-89D2-CCDA44622303}
		{D565F872-EAB7-4DC2-9956-25B2AD77E2F7} = {A26B90D9-2B69-44F5-B641-25880E3D5DAD}
		{5BD96E65-367F-4DAC-856D-822F8FBC928A} = {22435E45-AD2F-4C2D-AFE5-A9827508A052}
		{B8B06213-BF32-454A-A4AA-90AD4C75B07E} = {22435E45-AD2F-4C2D-AFE5-A9827508A052}
		{8908C598-8C74-48A5-8F4E-FDA24283A2B0} = {22435E45-AD2F-4C2D-AFE5-A9827508A052}
		{4939D976-3CB5-43EF-A398-B529C08D8C1F} = {22435E45-AD2F-4C2D-AFE5-A9827508A052}
		{250F387B-81E2-4FD4-B2BE-27BDAA14B813} = {22435E45-AD2F-4C2D-AFE5-A9827508A052}
		{A2AD24C3-C5EF-44C8-803F-0B81A0F3B02F} = {22435E45-AD2F-4C2D-AFE5-A9827508A052}
		{66E1165B-77A6-4A49-8270-EA43C816D1C9} = {22435E45-AD2F-4C2D-AFE5-A9827508A052}
		{5DD94F13-ED2C-4A45-9C32-E0C2E32F54DE} = {22435E45-AD2F-4C2D-AFE5-A9827508A052}
		{F11C179E-74C5-47BD-8E04-D37A1966F5EF} = {22435E45-AD2F-4C2D-AFE5-A9827508A052}
		{90CDB8AE-5C18-4465-B227-129A2C4FE293} = {22435E45-AD2F-4C2D-AFE5-A9827508A052}
		{AB71F936-DE15-4C37-BDC4-23C9A7F2C7D7} = {22435E45-AD2F-4C2D-AFE5-A9827508A052}
		{F2290F8C-6167-4B0F-BE03-5E2C57885760} = {22435E45-AD2F-4C2D-AFE5-A9827508A052}
		{B7DCC7D4-F193-4AFC-801F-C48B84BF55C7} = {22435E45-AD2F-4C2D-AFE5-A9827508A052}
		{EBF327E9-1110-4721-8F75-098929DE7630} = {22435E45-AD2F-4C2D-AFE5-A9827508A052}
		{1E25CAC7-0A30-44E2-B16E-554056444B00} = {22435E45-AD2F-4C2D-AFE5-A9827508A052}
		{B9A28290-1656-4241-9464-5E9F474B54A7} = {CF6EDE56-83AC-49CC-89D2-CCDA44622303}
		{E70B7CE3-2218-44E3-92BC-5DBCCAD808BF} = {B9A28290-1656-4241-9464-5E9F474B54A7}
		{D633B3B8-FF7F-4546-B02C-EB46AB9EE2AA} = {B9A28290-1656-4241-9464-5E9F474B54A7}
		{C9E03845-E733-4FFA-8A75-97D810DF303B} = {7F5D2DB8-BEB3-4024-A371-420FEE5FC107}
		{0CC52F6E-7AC3-49A7-8679-E3CC840521F2} = {22435E45-AD2F-4C2D-AFE5-A9827508A052}
		{D09E025F-67C2-48E5-A2A1-ECFCD860DEA1} = {22435E45-AD2F-4C2D-AFE5-A9827508A052}
		{4BCEAC81-E484-400E-94C9-907307A5D353} = {22435E45-AD2F-4C2D-AFE5-A9827508A052}
		{727B7E2C-E19B-4691-AAA1-5B4701C3E573} = {22435E45-AD2F-4C2D-AFE5-A9827508A052}
	EndGlobalSection
	GlobalSection(ExtensibilityGlobals) = postSolution
		SolutionGuid = {EB5CF00B-9895-4A67-8A65-FD92D9240998}
	EndGlobalSection
	GlobalSection(SubversionScc) = preSolution
		Svn-Managed = True
		Manager = AnkhSVN - Subversion Support for Visual Studio
	EndGlobalSection
EndGlobal
